// !$*UTF8*$!
{
	archiveVersion = 1;
	classes = {
	};
	objectVersion = 50;
	objects = {

/* Begin PBXBuildFile section */
		D172722A22C9DC7E0099DC0C /* AppDelegate.swift in Sources */ = {isa = PBXBuildFile; fileRef = D172722922C9DC7E0099DC0C /* AppDelegate.swift */; };
		D172722F22C9DC7E0099DC0C /* Main.storyboard in Resources */ = {isa = PBXBuildFile; fileRef = D172722D22C9DC7E0099DC0C /* Main.storyboard */; };
		D172723122C9DC7F0099DC0C /* Assets.xcassets in Resources */ = {isa = PBXBuildFile; fileRef = D172723022C9DC7F0099DC0C /* Assets.xcassets */; };
		D172723422C9DC7F0099DC0C /* LaunchScreen.storyboard in Resources */ = {isa = PBXBuildFile; fileRef = D172723222C9DC7F0099DC0C /* LaunchScreen.storyboard */; };
		D172723F22C9DC7F0099DC0C /* TableViewEditSampleTests.swift in Sources */ = {isa = PBXBuildFile; fileRef = D172723E22C9DC7F0099DC0C /* TableViewEditSampleTests.swift */; };
		D172724A22C9DC7F0099DC0C /* TableViewEditSampleUITests.swift in Sources */ = {isa = PBXBuildFile; fileRef = D172724922C9DC7F0099DC0C /* TableViewEditSampleUITests.swift */; };
		D172726A22C9DDE80099DC0C /* PlistManager.swift in Sources */ = {isa = PBXBuildFile; fileRef = D172726922C9DDE80099DC0C /* PlistManager.swift */; };
		D172726D22C9DEC00099DC0C /* RoadSign.plist in Resources */ = {isa = PBXBuildFile; fileRef = D172726C22C9DEC00099DC0C /* RoadSign.plist */; };
		D172727322C9DF250099DC0C /* RootWireframe.swift in Sources */ = {isa = PBXBuildFile; fileRef = D172727222C9DF250099DC0C /* RootWireframe.swift */; };
		D172727522C9DF2F0099DC0C /* RoadSignWireframe.swift in Sources */ = {isa = PBXBuildFile; fileRef = D172727422C9DF2F0099DC0C /* RoadSignWireframe.swift */; };
		D172727722C9DF4B0099DC0C /* SignRepository.swift in Sources */ = {isa = PBXBuildFile; fileRef = D172727622C9DF4B0099DC0C /* SignRepository.swift */; };
		D172727922C9DF670099DC0C /* ErrorInfoViewModel.swift in Sources */ = {isa = PBXBuildFile; fileRef = D172727822C9DF670099DC0C /* ErrorInfoViewModel.swift */; };
		D172727E22C9E13C0099DC0C /* RxSwift.framework in Frameworks */ = {isa = PBXBuildFile; fileRef = D172727D22C9E13C0099DC0C /* RxSwift.framework */; };
		D172728022C9E1490099DC0C /* RxCocoa.framework in Frameworks */ = {isa = PBXBuildFile; fileRef = D172727F22C9E1490099DC0C /* RxCocoa.framework */; };
		D172728322C9E1AB0099DC0C /* RootViewController.swift in Sources */ = {isa = PBXBuildFile; fileRef = D172728222C9E1AB0099DC0C /* RootViewController.swift */; };
		D172728522C9E1B80099DC0C /* RootPresenter.swift in Sources */ = {isa = PBXBuildFile; fileRef = D172728422C9E1B80099DC0C /* RootPresenter.swift */; };
		D172728722C9E1C20099DC0C /* RootUseCase.swift in Sources */ = {isa = PBXBuildFile; fileRef = D172728622C9E1C20099DC0C /* RootUseCase.swift */; };
		D172728922C9E1DA0099DC0C /* RoadSignViewController.swift in Sources */ = {isa = PBXBuildFile; fileRef = D172728822C9E1DA0099DC0C /* RoadSignViewController.swift */; };
		D172728B22C9E1FA0099DC0C /* RoadSignPresenter.swift in Sources */ = {isa = PBXBuildFile; fileRef = D172728A22C9E1FA0099DC0C /* RoadSignPresenter.swift */; };
		D172728D22C9E2010099DC0C /* RoadSignViewModel.swift in Sources */ = {isa = PBXBuildFile; fileRef = D172728C22C9E2010099DC0C /* RoadSignViewModel.swift */; };
		D172728F22C9E2080099DC0C /* RoadSignUseCase.swift in Sources */ = {isa = PBXBuildFile; fileRef = D172728E22C9E2080099DC0C /* RoadSignUseCase.swift */; };
		D172729122C9E2130099DC0C /* UIStoryboard+extension.swift in Sources */ = {isa = PBXBuildFile; fileRef = D172729022C9E2130099DC0C /* UIStoryboard+extension.swift */; };
		D172729322C9E2200099DC0C /* VCIDConstants.swift in Sources */ = {isa = PBXBuildFile; fileRef = D172729222C9E2200099DC0C /* VCIDConstants.swift */; };
		D172729522C9E2330099DC0C /* AlertPLEntity.swift in Sources */ = {isa = PBXBuildFile; fileRef = D172729422C9E2330099DC0C /* AlertPLEntity.swift */; };
		D172729722C9E2490099DC0C /* TrafficPLEntity.swift in Sources */ = {isa = PBXBuildFile; fileRef = D172729622C9E2490099DC0C /* TrafficPLEntity.swift */; };
		D172729B22C9E50B0099DC0C /* TrafficSignViewController.swift in Sources */ = {isa = PBXBuildFile; fileRef = D172729A22C9E50B0099DC0C /* TrafficSignViewController.swift */; };
		D172729D22C9E5140099DC0C /* TrafficSignPresenter.swift in Sources */ = {isa = PBXBuildFile; fileRef = D172729C22C9E5140099DC0C /* TrafficSignPresenter.swift */; };
		D172729F22C9E51A0099DC0C /* TrafficSignViewModel.swift in Sources */ = {isa = PBXBuildFile; fileRef = D172729E22C9E51A0099DC0C /* TrafficSignViewModel.swift */; };
		D17272A122C9E5200099DC0C /* TrafficSignUseCase.swift in Sources */ = {isa = PBXBuildFile; fileRef = D17272A022C9E5200099DC0C /* TrafficSignUseCase.swift */; };
		D17272A322C9E5320099DC0C /* AlertSignViewController.swift in Sources */ = {isa = PBXBuildFile; fileRef = D17272A222C9E5320099DC0C /* AlertSignViewController.swift */; };
		D17272A522C9E53A0099DC0C /* AlertSignPresenter.swift in Sources */ = {isa = PBXBuildFile; fileRef = D17272A422C9E53A0099DC0C /* AlertSignPresenter.swift */; };
		D17272A722C9E5400099DC0C /* AlertSignViewModel.swift in Sources */ = {isa = PBXBuildFile; fileRef = D17272A622C9E5400099DC0C /* AlertSignViewModel.swift */; };
		D17272A922C9E5460099DC0C /* AlertSignUseCase.swift in Sources */ = {isa = PBXBuildFile; fileRef = D17272A822C9E5460099DC0C /* AlertSignUseCase.swift */; };
		D17272AB22C9EB010099DC0C /* TrafficSignWireframe.swift in Sources */ = {isa = PBXBuildFile; fileRef = D17272AA22C9EB010099DC0C /* TrafficSignWireframe.swift */; };
		D17272AD22C9EB0D0099DC0C /* AlertSignWireframe.swift in Sources */ = {isa = PBXBuildFile; fileRef = D17272AC22C9EB0D0099DC0C /* AlertSignWireframe.swift */; };
		D17272B022CA40130099DC0C /* TrafficSign.plist in Resources */ = {isa = PBXBuildFile; fileRef = D17272AE22CA40130099DC0C /* TrafficSign.plist */; };
		D17272B122CA40130099DC0C /* AlertSign.plist in Resources */ = {isa = PBXBuildFile; fileRef = D17272AF22CA40130099DC0C /* AlertSign.plist */; };
		D17272B422CA44620099DC0C /* TrafficSignModel.swift in Sources */ = {isa = PBXBuildFile; fileRef = D17272B322CA44620099DC0C /* TrafficSignModel.swift */; };
		D17272B622CA44680099DC0C /* AlertSignModel.swift in Sources */ = {isa = PBXBuildFile; fileRef = D17272B522CA44680099DC0C /* AlertSignModel.swift */; };
		D17272B822CA63C50099DC0C /* RxDataSources.framework in Frameworks */ = {isa = PBXBuildFile; fileRef = D17272B722CA63C40099DC0C /* RxDataSources.framework */; };
		D17272BA22CA63D80099DC0C /* Differentiator.framework in Frameworks */ = {isa = PBXBuildFile; fileRef = D17272B922CA63D80099DC0C /* Differentiator.framework */; };
		D17763BF22E6126F004CA510 /* AlertShowWireframe.swift in Sources */ = {isa = PBXBuildFile; fileRef = D17763BE22E6126F004CA510 /* AlertShowWireframe.swift */; };
		D17763C222E613D3004CA510 /* TrafficSignTableViewCell.swift in Sources */ = {isa = PBXBuildFile; fileRef = D17763C122E613D3004CA510 /* TrafficSignTableViewCell.swift */; };
		D17763C422E613DC004CA510 /* TrafficSignItemViewModel.swift in Sources */ = {isa = PBXBuildFile; fileRef = D17763C322E613DC004CA510 /* TrafficSignItemViewModel.swift */; };
		D17763C622E613E5004CA510 /* TrafficSignSection.swift in Sources */ = {isa = PBXBuildFile; fileRef = D17763C522E613E5004CA510 /* TrafficSignSection.swift */; };
		D17763C822E613ED004CA510 /* TrafficSignTableViewEdit.swift in Sources */ = {isa = PBXBuildFile; fileRef = D17763C722E613ED004CA510 /* TrafficSignTableViewEdit.swift */; };
		D17763CA22E61483004CA510 /* AlertSignTableViewCell.swift in Sources */ = {isa = PBXBuildFile; fileRef = D17763C922E61483004CA510 /* AlertSignTableViewCell.swift */; };
		D17763CC22E6149E004CA510 /* UIImageView+Extension.swift in Sources */ = {isa = PBXBuildFile; fileRef = D17763CB22E6149E004CA510 /* UIImageView+Extension.swift */; };
		D17763CF22E61544004CA510 /* AlertShowViewController.swift in Sources */ = {isa = PBXBuildFile; fileRef = D17763CE22E61544004CA510 /* AlertShowViewController.swift */; };
		D17763D122E6154D004CA510 /* AlertShowPresenter.swift in Sources */ = {isa = PBXBuildFile; fileRef = D17763D022E6154D004CA510 /* AlertShowPresenter.swift */; };
		D17763D322E61556004CA510 /* AlertShowUseCase.swift in Sources */ = {isa = PBXBuildFile; fileRef = D17763D222E61556004CA510 /* AlertShowUseCase.swift */; };
		D17763D522E6155F004CA510 /* AlertShowViewModel.swift in Sources */ = {isa = PBXBuildFile; fileRef = D17763D422E6155F004CA510 /* AlertShowViewModel.swift */; };
		D17763D622E6192B004CA510 /* RxRelay.framework in Frameworks */ = {isa = PBXBuildFile; fileRef = D172727B22C9E12F0099DC0C /* RxRelay.framework */; };
		D17763F422E61A63004CA510 /* keikai_00002.png in Resources */ = {isa = PBXBuildFile; fileRef = D17763D922E61A60004CA510 /* keikai_00002.png */; };
		D17763F522E61A63004CA510 /* keikai_00024.png in Resources */ = {isa = PBXBuildFile; fileRef = D17763DA22E61A61004CA510 /* keikai_00024.png */; };
		D17763F622E61A63004CA510 /* keikai_00013.png in Resources */ = {isa = PBXBuildFile; fileRef = D17763DB22E61A61004CA510 /* keikai_00013.png */; };
		D17763F722E61A63004CA510 /* keikai_00010.png in Resources */ = {isa = PBXBuildFile; fileRef = D17763DC22E61A61004CA510 /* keikai_00010.png */; };
		D17763F822E61A63004CA510 /* keikai_00012.png in Resources */ = {isa = PBXBuildFile; fileRef = D17763DD22E61A61004CA510 /* keikai_00012.png */; };
		D17763F922E61A63004CA510 /* keikai_00022.png in Resources */ = {isa = PBXBuildFile; fileRef = D17763DE22E61A61004CA510 /* keikai_00022.png */; };
		D17763FA22E61A63004CA510 /* keikai_00004.png in Resources */ = {isa = PBXBuildFile; fileRef = D17763DF22E61A61004CA510 /* keikai_00004.png */; };
		D17763FB22E61A63004CA510 /* keikai_00001.png in Resources */ = {isa = PBXBuildFile; fileRef = D17763E022E61A61004CA510 /* keikai_00001.png */; };
		D17763FC22E61A63004CA510 /* keikai_00017.png in Resources */ = {isa = PBXBuildFile; fileRef = D17763E122E61A61004CA510 /* keikai_00017.png */; };
		D17763FD22E61A63004CA510 /* keikai_00021.png in Resources */ = {isa = PBXBuildFile; fileRef = D17763E222E61A61004CA510 /* keikai_00021.png */; };
		D17763FE22E61A63004CA510 /* keikai_00023.png in Resources */ = {isa = PBXBuildFile; fileRef = D17763E322E61A61004CA510 /* keikai_00023.png */; };
		D17763FF22E61A63004CA510 /* keikai_00015.png in Resources */ = {isa = PBXBuildFile; fileRef = D17763E422E61A61004CA510 /* keikai_00015.png */; };
		D177640022E61A63004CA510 /* keikai_00014.png in Resources */ = {isa = PBXBuildFile; fileRef = D17763E522E61A62004CA510 /* keikai_00014.png */; };
		D177640122E61A63004CA510 /* keikai_00026.png in Resources */ = {isa = PBXBuildFile; fileRef = D17763E622E61A62004CA510 /* keikai_00026.png */; };
		D177640222E61A63004CA510 /* keikai_00007.png in Resources */ = {isa = PBXBuildFile; fileRef = D17763E722E61A62004CA510 /* keikai_00007.png */; };
		D177640322E61A63004CA510 /* keikai_00009.png in Resources */ = {isa = PBXBuildFile; fileRef = D17763E822E61A62004CA510 /* keikai_00009.png */; };
		D177640422E61A63004CA510 /* keikai_00005.png in Resources */ = {isa = PBXBuildFile; fileRef = D17763E922E61A62004CA510 /* keikai_00005.png */; };
		D177640522E61A63004CA510 /* keikai_00027.png in Resources */ = {isa = PBXBuildFile; fileRef = D17763EA22E61A62004CA510 /* keikai_00027.png */; };
		D177640622E61A63004CA510 /* keikai_00006.png in Resources */ = {isa = PBXBuildFile; fileRef = D17763EB22E61A62004CA510 /* keikai_00006.png */; };
		D177640722E61A63004CA510 /* keikai_00016.png in Resources */ = {isa = PBXBuildFile; fileRef = D17763EC22E61A62004CA510 /* keikai_00016.png */; };
		D177640822E61A63004CA510 /* keikai_00018.png in Resources */ = {isa = PBXBuildFile; fileRef = D17763ED22E61A62004CA510 /* keikai_00018.png */; };
		D177640922E61A63004CA510 /* keikai_00011.png in Resources */ = {isa = PBXBuildFile; fileRef = D17763EE22E61A62004CA510 /* keikai_00011.png */; };
		D177640A22E61A63004CA510 /* keikai_00025.png in Resources */ = {isa = PBXBuildFile; fileRef = D17763EF22E61A62004CA510 /* keikai_00025.png */; };
		D177640B22E61A63004CA510 /* keikai_00008.png in Resources */ = {isa = PBXBuildFile; fileRef = D17763F022E61A62004CA510 /* keikai_00008.png */; };
		D177640C22E61A63004CA510 /* keikai_00003.png in Resources */ = {isa = PBXBuildFile; fileRef = D17763F122E61A62004CA510 /* keikai_00003.png */; };
		D177640D22E61A63004CA510 /* keikai_00020.png in Resources */ = {isa = PBXBuildFile; fileRef = D17763F222E61A63004CA510 /* keikai_00020.png */; };
		D177640E22E61A63004CA510 /* keikai_00019.png in Resources */ = {isa = PBXBuildFile; fileRef = D17763F322E61A63004CA510 /* keikai_00019.png */; };
		D177644522E61A6F004CA510 /* koutsu_00030.png in Resources */ = {isa = PBXBuildFile; fileRef = D177640F22E61A6D004CA510 /* koutsu_00030.png */; };
		D177644622E61A6F004CA510 /* koutsu_00048.png in Resources */ = {isa = PBXBuildFile; fileRef = D177641022E61A6D004CA510 /* koutsu_00048.png */; };
		D177644722E61A6F004CA510 /* koutsu_00044.png in Resources */ = {isa = PBXBuildFile; fileRef = D177641122E61A6D004CA510 /* koutsu_00044.png */; };
		D177644822E61A6F004CA510 /* koutsu_00046.png in Resources */ = {isa = PBXBuildFile; fileRef = D177641222E61A6D004CA510 /* koutsu_00046.png */; };
		D177644922E61A6F004CA510 /* koutsu_00042.png in Resources */ = {isa = PBXBuildFile; fileRef = D177641322E61A6D004CA510 /* koutsu_00042.png */; };
		D177644A22E61A6F004CA510 /* koutsu_00023.png in Resources */ = {isa = PBXBuildFile; fileRef = D177641422E61A6D004CA510 /* koutsu_00023.png */; };
		D177644B22E61A6F004CA510 /* koutsu_00016.png in Resources */ = {isa = PBXBuildFile; fileRef = D177641522E61A6D004CA510 /* koutsu_00016.png */; };
		D177644C22E61A6F004CA510 /* koutsu_00018.png in Resources */ = {isa = PBXBuildFile; fileRef = D177641622E61A6D004CA510 /* koutsu_00018.png */; };
		D177644D22E61A6F004CA510 /* koutsu_00013.png in Resources */ = {isa = PBXBuildFile; fileRef = D177641722E61A6D004CA510 /* koutsu_00013.png */; };
		D177644E22E61A6F004CA510 /* koutsu_00025.png in Resources */ = {isa = PBXBuildFile; fileRef = D177641822E61A6D004CA510 /* koutsu_00025.png */; };
		D177644F22E61A6F004CA510 /* koutsu_00012.png in Resources */ = {isa = PBXBuildFile; fileRef = D177641922E61A6D004CA510 /* koutsu_00012.png */; };
		D177645022E61A6F004CA510 /* koutsu_00028.png in Resources */ = {isa = PBXBuildFile; fileRef = D177641A22E61A6D004CA510 /* koutsu_00028.png */; };
		D177645122E61A6F004CA510 /* koutsu_00002.png in Resources */ = {isa = PBXBuildFile; fileRef = D177641B22E61A6E004CA510 /* koutsu_00002.png */; };
		D177645222E61A6F004CA510 /* koutsu_00010.png in Resources */ = {isa = PBXBuildFile; fileRef = D177641C22E61A6E004CA510 /* koutsu_00010.png */; };
		D177645322E61A6F004CA510 /* koutsu_00054.png in Resources */ = {isa = PBXBuildFile; fileRef = D177641D22E61A6E004CA510 /* koutsu_00054.png */; };
		D177645422E61A6F004CA510 /* koutsu_00039.png in Resources */ = {isa = PBXBuildFile; fileRef = D177641E22E61A6E004CA510 /* koutsu_00039.png */; };
		D177645522E61A6F004CA510 /* koutsu_00040.png in Resources */ = {isa = PBXBuildFile; fileRef = D177641F22E61A6E004CA510 /* koutsu_00040.png */; };
		D177645622E61A6F004CA510 /* koutsu_00032.png in Resources */ = {isa = PBXBuildFile; fileRef = D177642022E61A6E004CA510 /* koutsu_00032.png */; };
		D177645722E61A6F004CA510 /* koutsu_00004.png in Resources */ = {isa = PBXBuildFile; fileRef = D177642122E61A6E004CA510 /* koutsu_00004.png */; };
		D177645822E61A6F004CA510 /* koutsu_00022.png in Resources */ = {isa = PBXBuildFile; fileRef = D177642222E61A6E004CA510 /* koutsu_00022.png */; };
		D177645922E61A6F004CA510 /* koutsu_00036.png in Resources */ = {isa = PBXBuildFile; fileRef = D177642322E61A6E004CA510 /* koutsu_00036.png */; };
		D177645A22E61A6F004CA510 /* koutsu_00034.png in Resources */ = {isa = PBXBuildFile; fileRef = D177642422E61A6E004CA510 /* koutsu_00034.png */; };
		D177645B22E61A6F004CA510 /* koutsu_00037.png in Resources */ = {isa = PBXBuildFile; fileRef = D177642522E61A6E004CA510 /* koutsu_00037.png */; };
		D177645C22E61A6F004CA510 /* koutsu_00045.png in Resources */ = {isa = PBXBuildFile; fileRef = D177642622E61A6E004CA510 /* koutsu_00045.png */; };
		D177645D22E61A6F004CA510 /* koutsu_00026.png in Resources */ = {isa = PBXBuildFile; fileRef = D177642722E61A6E004CA510 /* koutsu_00026.png */; };
		D177645E22E61A6F004CA510 /* koutsu_00033.png in Resources */ = {isa = PBXBuildFile; fileRef = D177642822E61A6E004CA510 /* koutsu_00033.png */; };
		D177645F22E61A6F004CA510 /* koutsu_00003.png in Resources */ = {isa = PBXBuildFile; fileRef = D177642922E61A6E004CA510 /* koutsu_00003.png */; };
		D177646022E61A6F004CA510 /* koutsu_00024.png in Resources */ = {isa = PBXBuildFile; fileRef = D177642A22E61A6E004CA510 /* koutsu_00024.png */; };
		D177646122E61A6F004CA510 /* koutsu_00001.png in Resources */ = {isa = PBXBuildFile; fileRef = D177642B22E61A6E004CA510 /* koutsu_00001.png */; };
		D177646222E61A6F004CA510 /* koutsu_00006.png in Resources */ = {isa = PBXBuildFile; fileRef = D177642C22E61A6E004CA510 /* koutsu_00006.png */; };
		D177646322E61A6F004CA510 /* koutsu_00052.png in Resources */ = {isa = PBXBuildFile; fileRef = D177642D22E61A6E004CA510 /* koutsu_00052.png */; };
		D177646422E61A6F004CA510 /* koutsu_00021.png in Resources */ = {isa = PBXBuildFile; fileRef = D177642E22E61A6E004CA510 /* koutsu_00021.png */; };
		D177646522E61A6F004CA510 /* koutsu_00047.png in Resources */ = {isa = PBXBuildFile; fileRef = D177642F22E61A6E004CA510 /* koutsu_00047.png */; };
		D177646622E61A6F004CA510 /* koutsu_00029.png in Resources */ = {isa = PBXBuildFile; fileRef = D177643022E61A6E004CA510 /* koutsu_00029.png */; };
		D177646722E61A6F004CA510 /* koutsu_00011.png in Resources */ = {isa = PBXBuildFile; fileRef = D177643122E61A6E004CA510 /* koutsu_00011.png */; };
		D177646822E61A6F004CA510 /* koutsu_00051.png in Resources */ = {isa = PBXBuildFile; fileRef = D177643222E61A6F004CA510 /* koutsu_00051.png */; };
		D177646922E61A6F004CA510 /* koutsu_00049.png in Resources */ = {isa = PBXBuildFile; fileRef = D177643322E61A6F004CA510 /* koutsu_00049.png */; };
		D177646A22E61A6F004CA510 /* koutsu_00038.png in Resources */ = {isa = PBXBuildFile; fileRef = D177643422E61A6F004CA510 /* koutsu_00038.png */; };
		D177646B22E61A6F004CA510 /* koutsu_00050.png in Resources */ = {isa = PBXBuildFile; fileRef = D177643522E61A6F004CA510 /* koutsu_00050.png */; };
		D177646C22E61A6F004CA510 /* koutsu_00007.png in Resources */ = {isa = PBXBuildFile; fileRef = D177643622E61A6F004CA510 /* koutsu_00007.png */; };
		D177646D22E61A6F004CA510 /* koutsu_00035.png in Resources */ = {isa = PBXBuildFile; fileRef = D177643722E61A6F004CA510 /* koutsu_00035.png */; };
		D177646E22E61A6F004CA510 /* koutsu_00019.png in Resources */ = {isa = PBXBuildFile; fileRef = D177643822E61A6F004CA510 /* koutsu_00019.png */; };
		D177646F22E61A6F004CA510 /* koutsu_00053.png in Resources */ = {isa = PBXBuildFile; fileRef = D177643922E61A6F004CA510 /* koutsu_00053.png */; };
		D177647022E61A6F004CA510 /* koutsu_00008.png in Resources */ = {isa = PBXBuildFile; fileRef = D177643A22E61A6F004CA510 /* koutsu_00008.png */; };
		D177647122E61A6F004CA510 /* koutsu_00043.png in Resources */ = {isa = PBXBuildFile; fileRef = D177643B22E61A6F004CA510 /* koutsu_00043.png */; };
		D177647222E61A6F004CA510 /* koutsu_00009.png in Resources */ = {isa = PBXBuildFile; fileRef = D177643C22E61A6F004CA510 /* koutsu_00009.png */; };
		D177647322E61A6F004CA510 /* koutsu_00005.png in Resources */ = {isa = PBXBuildFile; fileRef = D177643D22E61A6F004CA510 /* koutsu_00005.png */; };
		D177647422E61A6F004CA510 /* koutsu_00015.png in Resources */ = {isa = PBXBuildFile; fileRef = D177643E22E61A6F004CA510 /* koutsu_00015.png */; };
		D177647522E61A6F004CA510 /* koutsu_00031.png in Resources */ = {isa = PBXBuildFile; fileRef = D177643F22E61A6F004CA510 /* koutsu_00031.png */; };
		D177647622E61A6F004CA510 /* koutsu_00020.png in Resources */ = {isa = PBXBuildFile; fileRef = D177644022E61A6F004CA510 /* koutsu_00020.png */; };
		D177647722E61A6F004CA510 /* koutsu_00014.png in Resources */ = {isa = PBXBuildFile; fileRef = D177644122E61A6F004CA510 /* koutsu_00014.png */; };
		D177647822E61A6F004CA510 /* koutsu_00041.png in Resources */ = {isa = PBXBuildFile; fileRef = D177644222E61A6F004CA510 /* koutsu_00041.png */; };
		D177647922E61A6F004CA510 /* koutsu_00027.png in Resources */ = {isa = PBXBuildFile; fileRef = D177644322E61A6F004CA510 /* koutsu_00027.png */; };
		D177647A22E61A6F004CA510 /* koutsu_00017.png in Resources */ = {isa = PBXBuildFile; fileRef = D177644422E61A6F004CA510 /* koutsu_00017.png */; };
/* End PBXBuildFile section */

/* Begin PBXContainerItemProxy section */
		D172723B22C9DC7F0099DC0C /* PBXContainerItemProxy */ = {
			isa = PBXContainerItemProxy;
			containerPortal = D172721E22C9DC7E0099DC0C /* Project object */;
			proxyType = 1;
			remoteGlobalIDString = D172722522C9DC7E0099DC0C;
			remoteInfo = TableViewEditSample;
		};
		D172724622C9DC7F0099DC0C /* PBXContainerItemProxy */ = {
			isa = PBXContainerItemProxy;
			containerPortal = D172721E22C9DC7E0099DC0C /* Project object */;
			proxyType = 1;
			remoteGlobalIDString = D172722522C9DC7E0099DC0C;
			remoteInfo = TableViewEditSample;
		};
/* End PBXContainerItemProxy section */

/* Begin PBXFileReference section */
		D172722622C9DC7E0099DC0C /* TableViewEditSample.app */ = {isa = PBXFileReference; explicitFileType = wrapper.application; includeInIndex = 0; path = TableViewEditSample.app; sourceTree = BUILT_PRODUCTS_DIR; };
		D172722922C9DC7E0099DC0C /* AppDelegate.swift */ = {isa = PBXFileReference; lastKnownFileType = sourcecode.swift; path = AppDelegate.swift; sourceTree = "<group>"; };
		D172722E22C9DC7E0099DC0C /* Base */ = {isa = PBXFileReference; lastKnownFileType = file.storyboard; name = Base; path = Base.lproj/Main.storyboard; sourceTree = "<group>"; };
		D172723022C9DC7F0099DC0C /* Assets.xcassets */ = {isa = PBXFileReference; lastKnownFileType = folder.assetcatalog; path = Assets.xcassets; sourceTree = "<group>"; };
		D172723322C9DC7F0099DC0C /* Base */ = {isa = PBXFileReference; lastKnownFileType = file.storyboard; name = Base; path = Base.lproj/LaunchScreen.storyboard; sourceTree = "<group>"; };
		D172723522C9DC7F0099DC0C /* Info.plist */ = {isa = PBXFileReference; lastKnownFileType = text.plist.xml; path = Info.plist; sourceTree = "<group>"; };
		D172723A22C9DC7F0099DC0C /* TableViewEditSampleTests.xctest */ = {isa = PBXFileReference; explicitFileType = wrapper.cfbundle; includeInIndex = 0; path = TableViewEditSampleTests.xctest; sourceTree = BUILT_PRODUCTS_DIR; };
		D172723E22C9DC7F0099DC0C /* TableViewEditSampleTests.swift */ = {isa = PBXFileReference; lastKnownFileType = sourcecode.swift; path = TableViewEditSampleTests.swift; sourceTree = "<group>"; };
		D172724022C9DC7F0099DC0C /* Info.plist */ = {isa = PBXFileReference; lastKnownFileType = text.plist.xml; path = Info.plist; sourceTree = "<group>"; };
		D172724522C9DC7F0099DC0C /* TableViewEditSampleUITests.xctest */ = {isa = PBXFileReference; explicitFileType = wrapper.cfbundle; includeInIndex = 0; path = TableViewEditSampleUITests.xctest; sourceTree = BUILT_PRODUCTS_DIR; };
		D172724922C9DC7F0099DC0C /* TableViewEditSampleUITests.swift */ = {isa = PBXFileReference; lastKnownFileType = sourcecode.swift; path = TableViewEditSampleUITests.swift; sourceTree = "<group>"; };
		D172724B22C9DC7F0099DC0C /* Info.plist */ = {isa = PBXFileReference; lastKnownFileType = text.plist.xml; path = Info.plist; sourceTree = "<group>"; };
		D172726922C9DDE80099DC0C /* PlistManager.swift */ = {isa = PBXFileReference; lastKnownFileType = sourcecode.swift; path = PlistManager.swift; sourceTree = "<group>"; };
		D172726C22C9DEC00099DC0C /* RoadSign.plist */ = {isa = PBXFileReference; fileEncoding = 4; lastKnownFileType = text.plist.xml; path = RoadSign.plist; sourceTree = "<group>"; };
		D172727222C9DF250099DC0C /* RootWireframe.swift */ = {isa = PBXFileReference; lastKnownFileType = sourcecode.swift; path = RootWireframe.swift; sourceTree = "<group>"; };
		D172727422C9DF2F0099DC0C /* RoadSignWireframe.swift */ = {isa = PBXFileReference; lastKnownFileType = sourcecode.swift; path = RoadSignWireframe.swift; sourceTree = "<group>"; };
		D172727622C9DF4B0099DC0C /* SignRepository.swift */ = {isa = PBXFileReference; lastKnownFileType = sourcecode.swift; path = SignRepository.swift; sourceTree = "<group>"; };
		D172727822C9DF670099DC0C /* ErrorInfoViewModel.swift */ = {isa = PBXFileReference; lastKnownFileType = sourcecode.swift; path = ErrorInfoViewModel.swift; sourceTree = "<group>"; };
		D172727B22C9E12F0099DC0C /* RxRelay.framework */ = {isa = PBXFileReference; lastKnownFileType = wrapper.framework; name = RxRelay.framework; path = Carthage/Build/iOS/RxRelay.framework; sourceTree = "<group>"; };
		D172727D22C9E13C0099DC0C /* RxSwift.framework */ = {isa = PBXFileReference; lastKnownFileType = wrapper.framework; name = RxSwift.framework; path = Carthage/Build/iOS/RxSwift.framework; sourceTree = "<group>"; };
		D172727F22C9E1490099DC0C /* RxCocoa.framework */ = {isa = PBXFileReference; lastKnownFileType = wrapper.framework; name = RxCocoa.framework; path = Carthage/Build/iOS/RxCocoa.framework; sourceTree = "<group>"; };
		D172728222C9E1AB0099DC0C /* RootViewController.swift */ = {isa = PBXFileReference; lastKnownFileType = sourcecode.swift; path = RootViewController.swift; sourceTree = "<group>"; };
		D172728422C9E1B80099DC0C /* RootPresenter.swift */ = {isa = PBXFileReference; lastKnownFileType = sourcecode.swift; path = RootPresenter.swift; sourceTree = "<group>"; };
		D172728622C9E1C20099DC0C /* RootUseCase.swift */ = {isa = PBXFileReference; lastKnownFileType = sourcecode.swift; path = RootUseCase.swift; sourceTree = "<group>"; };
		D172728822C9E1DA0099DC0C /* RoadSignViewController.swift */ = {isa = PBXFileReference; lastKnownFileType = sourcecode.swift; path = RoadSignViewController.swift; sourceTree = "<group>"; };
		D172728A22C9E1FA0099DC0C /* RoadSignPresenter.swift */ = {isa = PBXFileReference; lastKnownFileType = sourcecode.swift; path = RoadSignPresenter.swift; sourceTree = "<group>"; };
		D172728C22C9E2010099DC0C /* RoadSignViewModel.swift */ = {isa = PBXFileReference; lastKnownFileType = sourcecode.swift; path = RoadSignViewModel.swift; sourceTree = "<group>"; };
		D172728E22C9E2080099DC0C /* RoadSignUseCase.swift */ = {isa = PBXFileReference; lastKnownFileType = sourcecode.swift; path = RoadSignUseCase.swift; sourceTree = "<group>"; };
		D172729022C9E2130099DC0C /* UIStoryboard+extension.swift */ = {isa = PBXFileReference; lastKnownFileType = sourcecode.swift; path = "UIStoryboard+extension.swift"; sourceTree = "<group>"; };
		D172729222C9E2200099DC0C /* VCIDConstants.swift */ = {isa = PBXFileReference; lastKnownFileType = sourcecode.swift; path = VCIDConstants.swift; sourceTree = "<group>"; };
		D172729422C9E2330099DC0C /* AlertPLEntity.swift */ = {isa = PBXFileReference; lastKnownFileType = sourcecode.swift; path = AlertPLEntity.swift; sourceTree = "<group>"; };
		D172729622C9E2490099DC0C /* TrafficPLEntity.swift */ = {isa = PBXFileReference; lastKnownFileType = sourcecode.swift; path = TrafficPLEntity.swift; sourceTree = "<group>"; };
		D172729A22C9E50B0099DC0C /* TrafficSignViewController.swift */ = {isa = PBXFileReference; lastKnownFileType = sourcecode.swift; path = TrafficSignViewController.swift; sourceTree = "<group>"; };
		D172729C22C9E5140099DC0C /* TrafficSignPresenter.swift */ = {isa = PBXFileReference; lastKnownFileType = sourcecode.swift; path = TrafficSignPresenter.swift; sourceTree = "<group>"; };
		D172729E22C9E51A0099DC0C /* TrafficSignViewModel.swift */ = {isa = PBXFileReference; lastKnownFileType = sourcecode.swift; path = TrafficSignViewModel.swift; sourceTree = "<group>"; };
		D17272A022C9E5200099DC0C /* TrafficSignUseCase.swift */ = {isa = PBXFileReference; lastKnownFileType = sourcecode.swift; path = TrafficSignUseCase.swift; sourceTree = "<group>"; };
		D17272A222C9E5320099DC0C /* AlertSignViewController.swift */ = {isa = PBXFileReference; lastKnownFileType = sourcecode.swift; path = AlertSignViewController.swift; sourceTree = "<group>"; };
		D17272A422C9E53A0099DC0C /* AlertSignPresenter.swift */ = {isa = PBXFileReference; lastKnownFileType = sourcecode.swift; path = AlertSignPresenter.swift; sourceTree = "<group>"; };
		D17272A622C9E5400099DC0C /* AlertSignViewModel.swift */ = {isa = PBXFileReference; lastKnownFileType = sourcecode.swift; path = AlertSignViewModel.swift; sourceTree = "<group>"; };
		D17272A822C9E5460099DC0C /* AlertSignUseCase.swift */ = {isa = PBXFileReference; lastKnownFileType = sourcecode.swift; path = AlertSignUseCase.swift; sourceTree = "<group>"; };
		D17272AA22C9EB010099DC0C /* TrafficSignWireframe.swift */ = {isa = PBXFileReference; lastKnownFileType = sourcecode.swift; path = TrafficSignWireframe.swift; sourceTree = "<group>"; };
		D17272AC22C9EB0D0099DC0C /* AlertSignWireframe.swift */ = {isa = PBXFileReference; lastKnownFileType = sourcecode.swift; path = AlertSignWireframe.swift; sourceTree = "<group>"; };
		D17272AE22CA40130099DC0C /* TrafficSign.plist */ = {isa = PBXFileReference; fileEncoding = 4; lastKnownFileType = text.plist.xml; path = TrafficSign.plist; sourceTree = "<group>"; };
		D17272AF22CA40130099DC0C /* AlertSign.plist */ = {isa = PBXFileReference; fileEncoding = 4; lastKnownFileType = text.plist.xml; path = AlertSign.plist; sourceTree = "<group>"; };
		D17272B322CA44620099DC0C /* TrafficSignModel.swift */ = {isa = PBXFileReference; lastKnownFileType = sourcecode.swift; path = TrafficSignModel.swift; sourceTree = "<group>"; };
		D17272B522CA44680099DC0C /* AlertSignModel.swift */ = {isa = PBXFileReference; lastKnownFileType = sourcecode.swift; path = AlertSignModel.swift; sourceTree = "<group>"; };
		D17272B722CA63C40099DC0C /* RxDataSources.framework */ = {isa = PBXFileReference; lastKnownFileType = wrapper.framework; name = RxDataSources.framework; path = Carthage/Build/iOS/RxDataSources.framework; sourceTree = "<group>"; };
		D17272B922CA63D80099DC0C /* Differentiator.framework */ = {isa = PBXFileReference; lastKnownFileType = wrapper.framework; name = Differentiator.framework; path = Carthage/Build/iOS/Differentiator.framework; sourceTree = "<group>"; };
		D17763BE22E6126F004CA510 /* AlertShowWireframe.swift */ = {isa = PBXFileReference; lastKnownFileType = sourcecode.swift; path = AlertShowWireframe.swift; sourceTree = "<group>"; };
		D17763C122E613D3004CA510 /* TrafficSignTableViewCell.swift */ = {isa = PBXFileReference; lastKnownFileType = sourcecode.swift; path = TrafficSignTableViewCell.swift; sourceTree = "<group>"; };
		D17763C322E613DC004CA510 /* TrafficSignItemViewModel.swift */ = {isa = PBXFileReference; lastKnownFileType = sourcecode.swift; path = TrafficSignItemViewModel.swift; sourceTree = "<group>"; };
		D17763C522E613E5004CA510 /* TrafficSignSection.swift */ = {isa = PBXFileReference; lastKnownFileType = sourcecode.swift; path = TrafficSignSection.swift; sourceTree = "<group>"; };
		D17763C722E613ED004CA510 /* TrafficSignTableViewEdit.swift */ = {isa = PBXFileReference; lastKnownFileType = sourcecode.swift; path = TrafficSignTableViewEdit.swift; sourceTree = "<group>"; };
		D17763C922E61483004CA510 /* AlertSignTableViewCell.swift */ = {isa = PBXFileReference; lastKnownFileType = sourcecode.swift; path = AlertSignTableViewCell.swift; sourceTree = "<group>"; };
		D17763CB22E6149E004CA510 /* UIImageView+Extension.swift */ = {isa = PBXFileReference; lastKnownFileType = sourcecode.swift; path = "UIImageView+Extension.swift"; sourceTree = "<group>"; };
		D17763CE22E61544004CA510 /* AlertShowViewController.swift */ = {isa = PBXFileReference; lastKnownFileType = sourcecode.swift; path = AlertShowViewController.swift; sourceTree = "<group>"; };
		D17763D022E6154D004CA510 /* AlertShowPresenter.swift */ = {isa = PBXFileReference; lastKnownFileType = sourcecode.swift; path = AlertShowPresenter.swift; sourceTree = "<group>"; };
		D17763D222E61556004CA510 /* AlertShowUseCase.swift */ = {isa = PBXFileReference; lastKnownFileType = sourcecode.swift; path = AlertShowUseCase.swift; sourceTree = "<group>"; };
		D17763D422E6155F004CA510 /* AlertShowViewModel.swift */ = {isa = PBXFileReference; lastKnownFileType = sourcecode.swift; path = AlertShowViewModel.swift; sourceTree = "<group>"; };
		D17763D922E61A60004CA510 /* keikai_00002.png */ = {isa = PBXFileReference; lastKnownFileType = image.png; path = keikai_00002.png; sourceTree = "<group>"; };
		D17763DA22E61A61004CA510 /* keikai_00024.png */ = {isa = PBXFileReference; lastKnownFileType = image.png; path = keikai_00024.png; sourceTree = "<group>"; };
		D17763DB22E61A61004CA510 /* keikai_00013.png */ = {isa = PBXFileReference; lastKnownFileType = image.png; path = keikai_00013.png; sourceTree = "<group>"; };
		D17763DC22E61A61004CA510 /* keikai_00010.png */ = {isa = PBXFileReference; lastKnownFileType = image.png; path = keikai_00010.png; sourceTree = "<group>"; };
		D17763DD22E61A61004CA510 /* keikai_00012.png */ = {isa = PBXFileReference; lastKnownFileType = image.png; path = keikai_00012.png; sourceTree = "<group>"; };
		D17763DE22E61A61004CA510 /* keikai_00022.png */ = {isa = PBXFileReference; lastKnownFileType = image.png; path = keikai_00022.png; sourceTree = "<group>"; };
		D17763DF22E61A61004CA510 /* keikai_00004.png */ = {isa = PBXFileReference; lastKnownFileType = image.png; path = keikai_00004.png; sourceTree = "<group>"; };
		D17763E022E61A61004CA510 /* keikai_00001.png */ = {isa = PBXFileReference; lastKnownFileType = image.png; path = keikai_00001.png; sourceTree = "<group>"; };
		D17763E122E61A61004CA510 /* keikai_00017.png */ = {isa = PBXFileReference; lastKnownFileType = image.png; path = keikai_00017.png; sourceTree = "<group>"; };
		D17763E222E61A61004CA510 /* keikai_00021.png */ = {isa = PBXFileReference; lastKnownFileType = image.png; path = keikai_00021.png; sourceTree = "<group>"; };
		D17763E322E61A61004CA510 /* keikai_00023.png */ = {isa = PBXFileReference; lastKnownFileType = image.png; path = keikai_00023.png; sourceTree = "<group>"; };
		D17763E422E61A61004CA510 /* keikai_00015.png */ = {isa = PBXFileReference; lastKnownFileType = image.png; path = keikai_00015.png; sourceTree = "<group>"; };
		D17763E522E61A62004CA510 /* keikai_00014.png */ = {isa = PBXFileReference; lastKnownFileType = image.png; path = keikai_00014.png; sourceTree = "<group>"; };
		D17763E622E61A62004CA510 /* keikai_00026.png */ = {isa = PBXFileReference; lastKnownFileType = image.png; path = keikai_00026.png; sourceTree = "<group>"; };
		D17763E722E61A62004CA510 /* keikai_00007.png */ = {isa = PBXFileReference; lastKnownFileType = image.png; path = keikai_00007.png; sourceTree = "<group>"; };
		D17763E822E61A62004CA510 /* keikai_00009.png */ = {isa = PBXFileReference; lastKnownFileType = image.png; path = keikai_00009.png; sourceTree = "<group>"; };
		D17763E922E61A62004CA510 /* keikai_00005.png */ = {isa = PBXFileReference; lastKnownFileType = image.png; path = keikai_00005.png; sourceTree = "<group>"; };
		D17763EA22E61A62004CA510 /* keikai_00027.png */ = {isa = PBXFileReference; lastKnownFileType = image.png; path = keikai_00027.png; sourceTree = "<group>"; };
		D17763EB22E61A62004CA510 /* keikai_00006.png */ = {isa = PBXFileReference; lastKnownFileType = image.png; path = keikai_00006.png; sourceTree = "<group>"; };
		D17763EC22E61A62004CA510 /* keikai_00016.png */ = {isa = PBXFileReference; lastKnownFileType = image.png; path = keikai_00016.png; sourceTree = "<group>"; };
		D17763ED22E61A62004CA510 /* keikai_00018.png */ = {isa = PBXFileReference; lastKnownFileType = image.png; path = keikai_00018.png; sourceTree = "<group>"; };
		D17763EE22E61A62004CA510 /* keikai_00011.png */ = {isa = PBXFileReference; lastKnownFileType = image.png; path = keikai_00011.png; sourceTree = "<group>"; };
		D17763EF22E61A62004CA510 /* keikai_00025.png */ = {isa = PBXFileReference; lastKnownFileType = image.png; path = keikai_00025.png; sourceTree = "<group>"; };
		D17763F022E61A62004CA510 /* keikai_00008.png */ = {isa = PBXFileReference; lastKnownFileType = image.png; path = keikai_00008.png; sourceTree = "<group>"; };
		D17763F122E61A62004CA510 /* keikai_00003.png */ = {isa = PBXFileReference; lastKnownFileType = image.png; path = keikai_00003.png; sourceTree = "<group>"; };
		D17763F222E61A63004CA510 /* keikai_00020.png */ = {isa = PBXFileReference; lastKnownFileType = image.png; path = keikai_00020.png; sourceTree = "<group>"; };
		D17763F322E61A63004CA510 /* keikai_00019.png */ = {isa = PBXFileReference; lastKnownFileType = image.png; path = keikai_00019.png; sourceTree = "<group>"; };
		D177640F22E61A6D004CA510 /* koutsu_00030.png */ = {isa = PBXFileReference; lastKnownFileType = image.png; path = koutsu_00030.png; sourceTree = "<group>"; };
		D177641022E61A6D004CA510 /* koutsu_00048.png */ = {isa = PBXFileReference; lastKnownFileType = image.png; path = koutsu_00048.png; sourceTree = "<group>"; };
		D177641122E61A6D004CA510 /* koutsu_00044.png */ = {isa = PBXFileReference; lastKnownFileType = image.png; path = koutsu_00044.png; sourceTree = "<group>"; };
		D177641222E61A6D004CA510 /* koutsu_00046.png */ = {isa = PBXFileReference; lastKnownFileType = image.png; path = koutsu_00046.png; sourceTree = "<group>"; };
		D177641322E61A6D004CA510 /* koutsu_00042.png */ = {isa = PBXFileReference; lastKnownFileType = image.png; path = koutsu_00042.png; sourceTree = "<group>"; };
		D177641422E61A6D004CA510 /* koutsu_00023.png */ = {isa = PBXFileReference; lastKnownFileType = image.png; path = koutsu_00023.png; sourceTree = "<group>"; };
		D177641522E61A6D004CA510 /* koutsu_00016.png */ = {isa = PBXFileReference; lastKnownFileType = image.png; path = koutsu_00016.png; sourceTree = "<group>"; };
		D177641622E61A6D004CA510 /* koutsu_00018.png */ = {isa = PBXFileReference; lastKnownFileType = image.png; path = koutsu_00018.png; sourceTree = "<group>"; };
		D177641722E61A6D004CA510 /* koutsu_00013.png */ = {isa = PBXFileReference; lastKnownFileType = image.png; path = koutsu_00013.png; sourceTree = "<group>"; };
		D177641822E61A6D004CA510 /* koutsu_00025.png */ = {isa = PBXFileReference; lastKnownFileType = image.png; path = koutsu_00025.png; sourceTree = "<group>"; };
		D177641922E61A6D004CA510 /* koutsu_00012.png */ = {isa = PBXFileReference; lastKnownFileType = image.png; path = koutsu_00012.png; sourceTree = "<group>"; };
		D177641A22E61A6D004CA510 /* koutsu_00028.png */ = {isa = PBXFileReference; lastKnownFileType = image.png; path = koutsu_00028.png; sourceTree = "<group>"; };
		D177641B22E61A6E004CA510 /* koutsu_00002.png */ = {isa = PBXFileReference; lastKnownFileType = image.png; path = koutsu_00002.png; sourceTree = "<group>"; };
		D177641C22E61A6E004CA510 /* koutsu_00010.png */ = {isa = PBXFileReference; lastKnownFileType = image.png; path = koutsu_00010.png; sourceTree = "<group>"; };
		D177641D22E61A6E004CA510 /* koutsu_00054.png */ = {isa = PBXFileReference; lastKnownFileType = image.png; path = koutsu_00054.png; sourceTree = "<group>"; };
		D177641E22E61A6E004CA510 /* koutsu_00039.png */ = {isa = PBXFileReference; lastKnownFileType = image.png; path = koutsu_00039.png; sourceTree = "<group>"; };
		D177641F22E61A6E004CA510 /* koutsu_00040.png */ = {isa = PBXFileReference; lastKnownFileType = image.png; path = koutsu_00040.png; sourceTree = "<group>"; };
		D177642022E61A6E004CA510 /* koutsu_00032.png */ = {isa = PBXFileReference; lastKnownFileType = image.png; path = koutsu_00032.png; sourceTree = "<group>"; };
		D177642122E61A6E004CA510 /* koutsu_00004.png */ = {isa = PBXFileReference; lastKnownFileType = image.png; path = koutsu_00004.png; sourceTree = "<group>"; };
		D177642222E61A6E004CA510 /* koutsu_00022.png */ = {isa = PBXFileReference; lastKnownFileType = image.png; path = koutsu_00022.png; sourceTree = "<group>"; };
		D177642322E61A6E004CA510 /* koutsu_00036.png */ = {isa = PBXFileReference; lastKnownFileType = image.png; path = koutsu_00036.png; sourceTree = "<group>"; };
		D177642422E61A6E004CA510 /* koutsu_00034.png */ = {isa = PBXFileReference; lastKnownFileType = image.png; path = koutsu_00034.png; sourceTree = "<group>"; };
		D177642522E61A6E004CA510 /* koutsu_00037.png */ = {isa = PBXFileReference; lastKnownFileType = image.png; path = koutsu_00037.png; sourceTree = "<group>"; };
		D177642622E61A6E004CA510 /* koutsu_00045.png */ = {isa = PBXFileReference; lastKnownFileType = image.png; path = koutsu_00045.png; sourceTree = "<group>"; };
		D177642722E61A6E004CA510 /* koutsu_00026.png */ = {isa = PBXFileReference; lastKnownFileType = image.png; path = koutsu_00026.png; sourceTree = "<group>"; };
		D177642822E61A6E004CA510 /* koutsu_00033.png */ = {isa = PBXFileReference; lastKnownFileType = image.png; path = koutsu_00033.png; sourceTree = "<group>"; };
		D177642922E61A6E004CA510 /* koutsu_00003.png */ = {isa = PBXFileReference; lastKnownFileType = image.png; path = koutsu_00003.png; sourceTree = "<group>"; };
		D177642A22E61A6E004CA510 /* koutsu_00024.png */ = {isa = PBXFileReference; lastKnownFileType = image.png; path = koutsu_00024.png; sourceTree = "<group>"; };
		D177642B22E61A6E004CA510 /* koutsu_00001.png */ = {isa = PBXFileReference; lastKnownFileType = image.png; path = koutsu_00001.png; sourceTree = "<group>"; };
		D177642C22E61A6E004CA510 /* koutsu_00006.png */ = {isa = PBXFileReference; lastKnownFileType = image.png; path = koutsu_00006.png; sourceTree = "<group>"; };
		D177642D22E61A6E004CA510 /* koutsu_00052.png */ = {isa = PBXFileReference; lastKnownFileType = image.png; path = koutsu_00052.png; sourceTree = "<group>"; };
		D177642E22E61A6E004CA510 /* koutsu_00021.png */ = {isa = PBXFileReference; lastKnownFileType = image.png; path = koutsu_00021.png; sourceTree = "<group>"; };
		D177642F22E61A6E004CA510 /* koutsu_00047.png */ = {isa = PBXFileReference; lastKnownFileType = image.png; path = koutsu_00047.png; sourceTree = "<group>"; };
		D177643022E61A6E004CA510 /* koutsu_00029.png */ = {isa = PBXFileReference; lastKnownFileType = image.png; path = koutsu_00029.png; sourceTree = "<group>"; };
		D177643122E61A6E004CA510 /* koutsu_00011.png */ = {isa = PBXFileReference; lastKnownFileType = image.png; path = koutsu_00011.png; sourceTree = "<group>"; };
		D177643222E61A6F004CA510 /* koutsu_00051.png */ = {isa = PBXFileReference; lastKnownFileType = image.png; path = koutsu_00051.png; sourceTree = "<group>"; };
		D177643322E61A6F004CA510 /* koutsu_00049.png */ = {isa = PBXFileReference; lastKnownFileType = image.png; path = koutsu_00049.png; sourceTree = "<group>"; };
		D177643422E61A6F004CA510 /* koutsu_00038.png */ = {isa = PBXFileReference; lastKnownFileType = image.png; path = koutsu_00038.png; sourceTree = "<group>"; };
		D177643522E61A6F004CA510 /* koutsu_00050.png */ = {isa = PBXFileReference; lastKnownFileType = image.png; path = koutsu_00050.png; sourceTree = "<group>"; };
		D177643622E61A6F004CA510 /* koutsu_00007.png */ = {isa = PBXFileReference; lastKnownFileType = image.png; path = koutsu_00007.png; sourceTree = "<group>"; };
		D177643722E61A6F004CA510 /* koutsu_00035.png */ = {isa = PBXFileReference; lastKnownFileType = image.png; path = koutsu_00035.png; sourceTree = "<group>"; };
		D177643822E61A6F004CA510 /* koutsu_00019.png */ = {isa = PBXFileReference; lastKnownFileType = image.png; path = koutsu_00019.png; sourceTree = "<group>"; };
		D177643922E61A6F004CA510 /* koutsu_00053.png */ = {isa = PBXFileReference; lastKnownFileType = image.png; path = koutsu_00053.png; sourceTree = "<group>"; };
		D177643A22E61A6F004CA510 /* koutsu_00008.png */ = {isa = PBXFileReference; lastKnownFileType = image.png; path = koutsu_00008.png; sourceTree = "<group>"; };
		D177643B22E61A6F004CA510 /* koutsu_00043.png */ = {isa = PBXFileReference; lastKnownFileType = image.png; path = koutsu_00043.png; sourceTree = "<group>"; };
		D177643C22E61A6F004CA510 /* koutsu_00009.png */ = {isa = PBXFileReference; lastKnownFileType = image.png; path = koutsu_00009.png; sourceTree = "<group>"; };
		D177643D22E61A6F004CA510 /* koutsu_00005.png */ = {isa = PBXFileReference; lastKnownFileType = image.png; path = koutsu_00005.png; sourceTree = "<group>"; };
		D177643E22E61A6F004CA510 /* koutsu_00015.png */ = {isa = PBXFileReference; lastKnownFileType = image.png; path = koutsu_00015.png; sourceTree = "<group>"; };
		D177643F22E61A6F004CA510 /* koutsu_00031.png */ = {isa = PBXFileReference; lastKnownFileType = image.png; path = koutsu_00031.png; sourceTree = "<group>"; };
		D177644022E61A6F004CA510 /* koutsu_00020.png */ = {isa = PBXFileReference; lastKnownFileType = image.png; path = koutsu_00020.png; sourceTree = "<group>"; };
		D177644122E61A6F004CA510 /* koutsu_00014.png */ = {isa = PBXFileReference; lastKnownFileType = image.png; path = koutsu_00014.png; sourceTree = "<group>"; };
		D177644222E61A6F004CA510 /* koutsu_00041.png */ = {isa = PBXFileReference; lastKnownFileType = image.png; path = koutsu_00041.png; sourceTree = "<group>"; };
		D177644322E61A6F004CA510 /* koutsu_00027.png */ = {isa = PBXFileReference; lastKnownFileType = image.png; path = koutsu_00027.png; sourceTree = "<group>"; };
		D177644422E61A6F004CA510 /* koutsu_00017.png */ = {isa = PBXFileReference; lastKnownFileType = image.png; path = koutsu_00017.png; sourceTree = "<group>"; };
/* End PBXFileReference section */

/* Begin PBXFrameworksBuildPhase section */
		D172722322C9DC7E0099DC0C /* Frameworks */ = {
			isa = PBXFrameworksBuildPhase;
			buildActionMask = 2147483647;
			files = (
				D17763D622E6192B004CA510 /* RxRelay.framework in Frameworks */,
				D17272BA22CA63D80099DC0C /* Differentiator.framework in Frameworks */,
				D17272B822CA63C50099DC0C /* RxDataSources.framework in Frameworks */,
				D172728022C9E1490099DC0C /* RxCocoa.framework in Frameworks */,
				D172727E22C9E13C0099DC0C /* RxSwift.framework in Frameworks */,
			);
			runOnlyForDeploymentPostprocessing = 0;
		};
		D172723722C9DC7F0099DC0C /* Frameworks */ = {
			isa = PBXFrameworksBuildPhase;
			buildActionMask = 2147483647;
			files = (
			);
			runOnlyForDeploymentPostprocessing = 0;
		};
		D172724222C9DC7F0099DC0C /* Frameworks */ = {
			isa = PBXFrameworksBuildPhase;
			buildActionMask = 2147483647;
			files = (
			);
			runOnlyForDeploymentPostprocessing = 0;
		};
/* End PBXFrameworksBuildPhase section */

/* Begin PBXGroup section */
		D172721D22C9DC7E0099DC0C = {
			isa = PBXGroup;
			children = (
				D172722822C9DC7E0099DC0C /* TableViewEditSample */,
				D172723D22C9DC7F0099DC0C /* TableViewEditSampleTests */,
				D172724822C9DC7F0099DC0C /* TableViewEditSampleUITests */,
				D172722722C9DC7E0099DC0C /* Products */,
				D172727A22C9E12E0099DC0C /* Frameworks */,
			);
			sourceTree = "<group>";
		};
		D172722722C9DC7E0099DC0C /* Products */ = {
			isa = PBXGroup;
			children = (
				D172722622C9DC7E0099DC0C /* TableViewEditSample.app */,
				D172723A22C9DC7F0099DC0C /* TableViewEditSampleTests.xctest */,
				D172724522C9DC7F0099DC0C /* TableViewEditSampleUITests.xctest */,
			);
			name = Products;
			sourceTree = "<group>";
		};
		D172722822C9DC7E0099DC0C /* TableViewEditSample */ = {
			isa = PBXGroup;
			children = (
				D172725A22C9DCDC0099DC0C /* Application */,
				D172725822C9DCD70099DC0C /* Data */,
				D172725922C9DCDA0099DC0C /* Domain */,
				D172725B22C9DCF10099DC0C /* Presentation */,
				D172725C22C9DCFF0099DC0C /* Utils */,
				D172725722C9DCD50099DC0C /* Resource */,
				D172723522C9DC7F0099DC0C /* Info.plist */,
			);
			path = TableViewEditSample;
			sourceTree = "<group>";
		};
		D172723D22C9DC7F0099DC0C /* TableViewEditSampleTests */ = {
			isa = PBXGroup;
			children = (
				D172723E22C9DC7F0099DC0C /* TableViewEditSampleTests.swift */,
				D172724022C9DC7F0099DC0C /* Info.plist */,
			);
			path = TableViewEditSampleTests;
			sourceTree = "<group>";
		};
		D172724822C9DC7F0099DC0C /* TableViewEditSampleUITests */ = {
			isa = PBXGroup;
			children = (
				D172724922C9DC7F0099DC0C /* TableViewEditSampleUITests.swift */,
				D172724B22C9DC7F0099DC0C /* Info.plist */,
			);
			path = TableViewEditSampleUITests;
			sourceTree = "<group>";
		};
		D172725722C9DCD50099DC0C /* Resource */ = {
			isa = PBXGroup;
			children = (
				D172726B22C9DEA50099DC0C /* JPEGImage */,
				D172726022C9DD320099DC0C /* Plist */,
				D172725F22C9DD110099DC0C /* Constants */,
				D172725E22C9DD0E0099DC0C /* Images */,
				D172725D22C9DD0A0099DC0C /* Storyboard */,
			);
			path = Resource;
			sourceTree = "<group>";
		};
		D172725822C9DCD70099DC0C /* Data */ = {
			isa = PBXGroup;
			children = (
				D172726622C9DDAF0099DC0C /* Plist */,
			);
			path = Data;
			sourceTree = "<group>";
		};
		D172725922C9DCDA0099DC0C /* Domain */ = {
			isa = PBXGroup;
			children = (
				D172726522C9DDA00099DC0C /* LocalRepository */,
				D17272B222CA444C0099DC0C /* Model */,
			);
			path = Domain;
			sourceTree = "<group>";
		};
		D172725A22C9DCDC0099DC0C /* Application */ = {
			isa = PBXGroup;
			children = (
				D172722922C9DC7E0099DC0C /* AppDelegate.swift */,
				D172726822C9DDD20099DC0C /* Wireframe */,
			);
			path = Application;
			sourceTree = "<group>";
		};
		D172725B22C9DCF10099DC0C /* Presentation */ = {
			isa = PBXGroup;
			children = (
				D172726222C9DD670099DC0C /* Common */,
				D172726322C9DD700099DC0C /* Root */,
				D172726422C9DD710099DC0C /* RoadSign */,
				D172729922C9E4F60099DC0C /* TrafficSign */,
				D172729822C9E4E10099DC0C /* AlertSign */,
				D17763CD22E6151D004CA510 /* AlertShow */,
			);
			path = Presentation;
			sourceTree = "<group>";
		};
		D172725C22C9DCFF0099DC0C /* Utils */ = {
			isa = PBXGroup;
			children = (
				D172726122C9DD550099DC0C /* Extension */,
			);
			path = Utils;
			sourceTree = "<group>";
		};
		D172725D22C9DD0A0099DC0C /* Storyboard */ = {
			isa = PBXGroup;
			children = (
				D172722D22C9DC7E0099DC0C /* Main.storyboard */,
				D172723222C9DC7F0099DC0C /* LaunchScreen.storyboard */,
			);
			path = Storyboard;
			sourceTree = "<group>";
		};
		D172725E22C9DD0E0099DC0C /* Images */ = {
			isa = PBXGroup;
			children = (
				D172723022C9DC7F0099DC0C /* Assets.xcassets */,
			);
			path = Images;
			sourceTree = "<group>";
		};
		D172725F22C9DD110099DC0C /* Constants */ = {
			isa = PBXGroup;
			children = (
				D172729222C9E2200099DC0C /* VCIDConstants.swift */,
			);
			path = Constants;
			sourceTree = "<group>";
		};
		D172726022C9DD320099DC0C /* Plist */ = {
			isa = PBXGroup;
			children = (
				D17272AF22CA40130099DC0C /* AlertSign.plist */,
				D17272AE22CA40130099DC0C /* TrafficSign.plist */,
				D172726C22C9DEC00099DC0C /* RoadSign.plist */,
			);
			path = Plist;
			sourceTree = "<group>";
		};
		D172726122C9DD550099DC0C /* Extension */ = {
			isa = PBXGroup;
			children = (
				D172729022C9E2130099DC0C /* UIStoryboard+extension.swift */,
				D17763CB22E6149E004CA510 /* UIImageView+Extension.swift */,
			);
			path = Extension;
			sourceTree = "<group>";
		};
		D172726222C9DD670099DC0C /* Common */ = {
			isa = PBXGroup;
			children = (
				D172727822C9DF670099DC0C /* ErrorInfoViewModel.swift */,
			);
			path = Common;
			sourceTree = "<group>";
		};
		D172726322C9DD700099DC0C /* Root */ = {
			isa = PBXGroup;
			children = (
				D172728222C9E1AB0099DC0C /* RootViewController.swift */,
				D172728422C9E1B80099DC0C /* RootPresenter.swift */,
				D172728622C9E1C20099DC0C /* RootUseCase.swift */,
			);
			path = Root;
			sourceTree = "<group>";
		};
		D172726422C9DD710099DC0C /* RoadSign */ = {
			isa = PBXGroup;
			children = (
				D172728822C9E1DA0099DC0C /* RoadSignViewController.swift */,
				D172728A22C9E1FA0099DC0C /* RoadSignPresenter.swift */,
				D172728C22C9E2010099DC0C /* RoadSignViewModel.swift */,
				D172728E22C9E2080099DC0C /* RoadSignUseCase.swift */,
			);
			path = RoadSign;
			sourceTree = "<group>";
		};
		D172726522C9DDA00099DC0C /* LocalRepository */ = {
			isa = PBXGroup;
			children = (
				D172727622C9DF4B0099DC0C /* SignRepository.swift */,
			);
			path = LocalRepository;
			sourceTree = "<group>";
		};
		D172726622C9DDAF0099DC0C /* Plist */ = {
			isa = PBXGroup;
			children = (
				D172726922C9DDE80099DC0C /* PlistManager.swift */,
				D172726722C9DDCA0099DC0C /* Entity */,
			);
			path = Plist;
			sourceTree = "<group>";
		};
		D172726722C9DDCA0099DC0C /* Entity */ = {
			isa = PBXGroup;
			children = (
				D172729422C9E2330099DC0C /* AlertPLEntity.swift */,
				D172729622C9E2490099DC0C /* TrafficPLEntity.swift */,
			);
			path = Entity;
			sourceTree = "<group>";
		};
		D172726822C9DDD20099DC0C /* Wireframe */ = {
			isa = PBXGroup;
			children = (
				D172727222C9DF250099DC0C /* RootWireframe.swift */,
				D172727422C9DF2F0099DC0C /* RoadSignWireframe.swift */,
				D17272AA22C9EB010099DC0C /* TrafficSignWireframe.swift */,
				D17272AC22C9EB0D0099DC0C /* AlertSignWireframe.swift */,
				D17763BE22E6126F004CA510 /* AlertShowWireframe.swift */,
			);
			path = Wireframe;
			sourceTree = "<group>";
		};
		D172726B22C9DEA50099DC0C /* JPEGImage */ = {
			isa = PBXGroup;
			children = (
				D17763D822E61A2F004CA510 /* AlertSign */,
				D17763D722E61A27004CA510 /* TrafficSign */,
			);
			path = JPEGImage;
			sourceTree = "<group>";
		};
		D172727A22C9E12E0099DC0C /* Frameworks */ = {
			isa = PBXGroup;
			children = (
				D17272B922CA63D80099DC0C /* Differentiator.framework */,
				D17272B722CA63C40099DC0C /* RxDataSources.framework */,
				D172727F22C9E1490099DC0C /* RxCocoa.framework */,
				D172727D22C9E13C0099DC0C /* RxSwift.framework */,
				D172727B22C9E12F0099DC0C /* RxRelay.framework */,
			);
			name = Frameworks;
			sourceTree = "<group>";
		};
		D172729822C9E4E10099DC0C /* AlertSign */ = {
			isa = PBXGroup;
			children = (
				D17272A222C9E5320099DC0C /* AlertSignViewController.swift */,
				D17272A422C9E53A0099DC0C /* AlertSignPresenter.swift */,
				D17272A622C9E5400099DC0C /* AlertSignViewModel.swift */,
				D17272A822C9E5460099DC0C /* AlertSignUseCase.swift */,
				D17763C922E61483004CA510 /* AlertSignTableViewCell.swift */,
			);
			path = AlertSign;
			sourceTree = "<group>";
		};
		D172729922C9E4F60099DC0C /* TrafficSign */ = {
			isa = PBXGroup;
			children = (
				D17763C022E613C8004CA510 /* TableView */,
				D172729A22C9E50B0099DC0C /* TrafficSignViewController.swift */,
				D172729C22C9E5140099DC0C /* TrafficSignPresenter.swift */,
				D172729E22C9E51A0099DC0C /* TrafficSignViewModel.swift */,
				D17272A022C9E5200099DC0C /* TrafficSignUseCase.swift */,
			);
			path = TrafficSign;
			sourceTree = "<group>";
		};
		D17272B222CA444C0099DC0C /* Model */ = {
			isa = PBXGroup;
			children = (
				D17272B322CA44620099DC0C /* TrafficSignModel.swift */,
				D17272B522CA44680099DC0C /* AlertSignModel.swift */,
			);
			path = Model;
			sourceTree = "<group>";
		};
		D17763C022E613C8004CA510 /* TableView */ = {
			isa = PBXGroup;
			children = (
				D17763C122E613D3004CA510 /* TrafficSignTableViewCell.swift */,
				D17763C322E613DC004CA510 /* TrafficSignItemViewModel.swift */,
				D17763C522E613E5004CA510 /* TrafficSignSection.swift */,
				D17763C722E613ED004CA510 /* TrafficSignTableViewEdit.swift */,
			);
			path = TableView;
			sourceTree = "<group>";
		};
		D17763CD22E6151D004CA510 /* AlertShow */ = {
			isa = PBXGroup;
			children = (
				D17763CE22E61544004CA510 /* AlertShowViewController.swift */,
				D17763D022E6154D004CA510 /* AlertShowPresenter.swift */,
				D17763D222E61556004CA510 /* AlertShowUseCase.swift */,
				D17763D422E6155F004CA510 /* AlertShowViewModel.swift */,
			);
			path = AlertShow;
			sourceTree = "<group>";
		};
		D17763D722E61A27004CA510 /* TrafficSign */ = {
			isa = PBXGroup;
			children = (
				D177642B22E61A6E004CA510 /* koutsu_00001.png */,
				D177641B22E61A6E004CA510 /* koutsu_00002.png */,
				D177642922E61A6E004CA510 /* koutsu_00003.png */,
				D177642122E61A6E004CA510 /* koutsu_00004.png */,
				D177643D22E61A6F004CA510 /* koutsu_00005.png */,
				D177642C22E61A6E004CA510 /* koutsu_00006.png */,
				D177643622E61A6F004CA510 /* koutsu_00007.png */,
				D177643A22E61A6F004CA510 /* koutsu_00008.png */,
				D177643C22E61A6F004CA510 /* koutsu_00009.png */,
				D177641C22E61A6E004CA510 /* koutsu_00010.png */,
				D177643122E61A6E004CA510 /* koutsu_00011.png */,
				D177641922E61A6D004CA510 /* koutsu_00012.png */,
				D177641722E61A6D004CA510 /* koutsu_00013.png */,
				D177644122E61A6F004CA510 /* koutsu_00014.png */,
				D177643E22E61A6F004CA510 /* koutsu_00015.png */,
				D177641522E61A6D004CA510 /* koutsu_00016.png */,
				D177644422E61A6F004CA510 /* koutsu_00017.png */,
				D177641622E61A6D004CA510 /* koutsu_00018.png */,
				D177643822E61A6F004CA510 /* koutsu_00019.png */,
				D177644022E61A6F004CA510 /* koutsu_00020.png */,
				D177642E22E61A6E004CA510 /* koutsu_00021.png */,
				D177642222E61A6E004CA510 /* koutsu_00022.png */,
				D177641422E61A6D004CA510 /* koutsu_00023.png */,
				D177642A22E61A6E004CA510 /* koutsu_00024.png */,
				D177641822E61A6D004CA510 /* koutsu_00025.png */,
				D177642722E61A6E004CA510 /* koutsu_00026.png */,
				D177644322E61A6F004CA510 /* koutsu_00027.png */,
				D177641A22E61A6D004CA510 /* koutsu_00028.png */,
				D177643022E61A6E004CA510 /* koutsu_00029.png */,
				D177640F22E61A6D004CA510 /* koutsu_00030.png */,
				D177643F22E61A6F004CA510 /* koutsu_00031.png */,
				D177642022E61A6E004CA510 /* koutsu_00032.png */,
				D177642822E61A6E004CA510 /* koutsu_00033.png */,
				D177642422E61A6E004CA510 /* koutsu_00034.png */,
				D177643722E61A6F004CA510 /* koutsu_00035.png */,
				D177642322E61A6E004CA510 /* koutsu_00036.png */,
				D177642522E61A6E004CA510 /* koutsu_00037.png */,
				D177643422E61A6F004CA510 /* koutsu_00038.png */,
				D177641E22E61A6E004CA510 /* koutsu_00039.png */,
				D177641F22E61A6E004CA510 /* koutsu_00040.png */,
				D177644222E61A6F004CA510 /* koutsu_00041.png */,
				D177641322E61A6D004CA510 /* koutsu_00042.png */,
				D177643B22E61A6F004CA510 /* koutsu_00043.png */,
				D177641122E61A6D004CA510 /* koutsu_00044.png */,
				D177642622E61A6E004CA510 /* koutsu_00045.png */,
				D177641222E61A6D004CA510 /* koutsu_00046.png */,
				D177642F22E61A6E004CA510 /* koutsu_00047.png */,
				D177641022E61A6D004CA510 /* koutsu_00048.png */,
				D177643322E61A6F004CA510 /* koutsu_00049.png */,
				D177643522E61A6F004CA510 /* koutsu_00050.png */,
				D177643222E61A6F004CA510 /* koutsu_00051.png */,
				D177642D22E61A6E004CA510 /* koutsu_00052.png */,
				D177643922E61A6F004CA510 /* koutsu_00053.png */,
				D177641D22E61A6E004CA510 /* koutsu_00054.png */,
			);
			path = TrafficSign;
			sourceTree = "<group>";
		};
		D17763D822E61A2F004CA510 /* AlertSign */ = {
			isa = PBXGroup;
			children = (
				D17763E022E61A61004CA510 /* keikai_00001.png */,
				D17763D922E61A60004CA510 /* keikai_00002.png */,
				D17763F122E61A62004CA510 /* keikai_00003.png */,
				D17763DF22E61A61004CA510 /* keikai_00004.png */,
				D17763E922E61A62004CA510 /* keikai_00005.png */,
				D17763EB22E61A62004CA510 /* keikai_00006.png */,
				D17763E722E61A62004CA510 /* keikai_00007.png */,
				D17763F022E61A62004CA510 /* keikai_00008.png */,
				D17763E822E61A62004CA510 /* keikai_00009.png */,
				D17763DC22E61A61004CA510 /* keikai_00010.png */,
				D17763EE22E61A62004CA510 /* keikai_00011.png */,
				D17763DD22E61A61004CA510 /* keikai_00012.png */,
				D17763DB22E61A61004CA510 /* keikai_00013.png */,
				D17763E522E61A62004CA510 /* keikai_00014.png */,
				D17763E422E61A61004CA510 /* keikai_00015.png */,
				D17763EC22E61A62004CA510 /* keikai_00016.png */,
				D17763E122E61A61004CA510 /* keikai_00017.png */,
				D17763ED22E61A62004CA510 /* keikai_00018.png */,
				D17763F322E61A63004CA510 /* keikai_00019.png */,
				D17763F222E61A63004CA510 /* keikai_00020.png */,
				D17763E222E61A61004CA510 /* keikai_00021.png */,
				D17763DE22E61A61004CA510 /* keikai_00022.png */,
				D17763E322E61A61004CA510 /* keikai_00023.png */,
				D17763DA22E61A61004CA510 /* keikai_00024.png */,
				D17763EF22E61A62004CA510 /* keikai_00025.png */,
				D17763E622E61A62004CA510 /* keikai_00026.png */,
				D17763EA22E61A62004CA510 /* keikai_00027.png */,
			);
			path = AlertSign;
			sourceTree = "<group>";
		};
/* End PBXGroup section */

/* Begin PBXNativeTarget section */
		D172722522C9DC7E0099DC0C /* TableViewEditSample */ = {
			isa = PBXNativeTarget;
			buildConfigurationList = D172724E22C9DC7F0099DC0C /* Build configuration list for PBXNativeTarget "TableViewEditSample" */;
			buildPhases = (
				D172722222C9DC7E0099DC0C /* Sources */,
				D172722322C9DC7E0099DC0C /* Frameworks */,
				D172722422C9DC7E0099DC0C /* Resources */,
				D172728122C9E1620099DC0C /* ShellScript */,
			);
			buildRules = (
			);
			dependencies = (
			);
			name = TableViewEditSample;
			productName = TableViewEditSample;
			productReference = D172722622C9DC7E0099DC0C /* TableViewEditSample.app */;
			productType = "com.apple.product-type.application";
		};
		D172723922C9DC7F0099DC0C /* TableViewEditSampleTests */ = {
			isa = PBXNativeTarget;
			buildConfigurationList = D172725122C9DC7F0099DC0C /* Build configuration list for PBXNativeTarget "TableViewEditSampleTests" */;
			buildPhases = (
				D172723622C9DC7F0099DC0C /* Sources */,
				D172723722C9DC7F0099DC0C /* Frameworks */,
				D172723822C9DC7F0099DC0C /* Resources */,
			);
			buildRules = (
			);
			dependencies = (
				D172723C22C9DC7F0099DC0C /* PBXTargetDependency */,
			);
			name = TableViewEditSampleTests;
			productName = TableViewEditSampleTests;
			productReference = D172723A22C9DC7F0099DC0C /* TableViewEditSampleTests.xctest */;
			productType = "com.apple.product-type.bundle.unit-test";
		};
		D172724422C9DC7F0099DC0C /* TableViewEditSampleUITests */ = {
			isa = PBXNativeTarget;
			buildConfigurationList = D172725422C9DC7F0099DC0C /* Build configuration list for PBXNativeTarget "TableViewEditSampleUITests" */;
			buildPhases = (
				D172724122C9DC7F0099DC0C /* Sources */,
				D172724222C9DC7F0099DC0C /* Frameworks */,
				D172724322C9DC7F0099DC0C /* Resources */,
			);
			buildRules = (
			);
			dependencies = (
				D172724722C9DC7F0099DC0C /* PBXTargetDependency */,
			);
			name = TableViewEditSampleUITests;
			productName = TableViewEditSampleUITests;
			productReference = D172724522C9DC7F0099DC0C /* TableViewEditSampleUITests.xctest */;
			productType = "com.apple.product-type.bundle.ui-testing";
		};
/* End PBXNativeTarget section */

/* Begin PBXProject section */
		D172721E22C9DC7E0099DC0C /* Project object */ = {
			isa = PBXProject;
			attributes = {
				LastSwiftUpdateCheck = 1020;
				LastUpgradeCheck = 1020;
				ORGANIZATIONNAME = Annie;
				TargetAttributes = {
					D172722522C9DC7E0099DC0C = {
						CreatedOnToolsVersion = 10.2.1;
					};
					D172723922C9DC7F0099DC0C = {
						CreatedOnToolsVersion = 10.2.1;
						TestTargetID = D172722522C9DC7E0099DC0C;
					};
					D172724422C9DC7F0099DC0C = {
						CreatedOnToolsVersion = 10.2.1;
						TestTargetID = D172722522C9DC7E0099DC0C;
					};
				};
			};
			buildConfigurationList = D172722122C9DC7E0099DC0C /* Build configuration list for PBXProject "TableViewEditSample" */;
			compatibilityVersion = "Xcode 9.3";
			developmentRegion = en;
			hasScannedForEncodings = 0;
			knownRegions = (
				en,
				Base,
			);
			mainGroup = D172721D22C9DC7E0099DC0C;
			productRefGroup = D172722722C9DC7E0099DC0C /* Products */;
			projectDirPath = "";
			projectRoot = "";
			targets = (
				D172722522C9DC7E0099DC0C /* TableViewEditSample */,
				D172723922C9DC7F0099DC0C /* TableViewEditSampleTests */,
				D172724422C9DC7F0099DC0C /* TableViewEditSampleUITests */,
			);
		};
/* End PBXProject section */

/* Begin PBXResourcesBuildPhase section */
		D172722422C9DC7E0099DC0C /* Resources */ = {
			isa = PBXResourcesBuildPhase;
			buildActionMask = 2147483647;
			files = (
				D177640122E61A63004CA510 /* keikai_00026.png in Resources */,
				D177647422E61A6F004CA510 /* koutsu_00015.png in Resources */,
				D177645022E61A6F004CA510 /* koutsu_00028.png in Resources */,
				D177644A22E61A6F004CA510 /* koutsu_00023.png in Resources */,
				D177644722E61A6F004CA510 /* koutsu_00044.png in Resources */,
				D177646A22E61A6F004CA510 /* koutsu_00038.png in Resources */,
				D177646F22E61A6F004CA510 /* koutsu_00053.png in Resources */,
				D177647022E61A6F004CA510 /* koutsu_00008.png in Resources */,
				D177646C22E61A6F004CA510 /* koutsu_00007.png in Resources */,
				D177646322E61A6F004CA510 /* koutsu_00052.png in Resources */,
				D177645622E61A6F004CA510 /* koutsu_00032.png in Resources */,
				D177646922E61A6F004CA510 /* koutsu_00049.png in Resources */,
				D172723422C9DC7F0099DC0C /* LaunchScreen.storyboard in Resources */,
				D177646722E61A6F004CA510 /* koutsu_00011.png in Resources */,
				D177646B22E61A6F004CA510 /* koutsu_00050.png in Resources */,
				D177644F22E61A6F004CA510 /* koutsu_00012.png in Resources */,
				D177640D22E61A63004CA510 /* keikai_00020.png in Resources */,
				D177646122E61A6F004CA510 /* koutsu_00001.png in Resources */,
				D177646522E61A6F004CA510 /* koutsu_00047.png in Resources */,
				D177646E22E61A6F004CA510 /* koutsu_00019.png in Resources */,
				D17272B122CA40130099DC0C /* AlertSign.plist in Resources */,
				D177644C22E61A6F004CA510 /* koutsu_00018.png in Resources */,
				D177644922E61A6F004CA510 /* koutsu_00042.png in Resources */,
				D172723122C9DC7F0099DC0C /* Assets.xcassets in Resources */,
				D177645522E61A6F004CA510 /* koutsu_00040.png in Resources */,
				D177640C22E61A63004CA510 /* keikai_00003.png in Resources */,
				D177644822E61A6F004CA510 /* koutsu_00046.png in Resources */,
				D177646D22E61A6F004CA510 /* koutsu_00035.png in Resources */,
				D17763FD22E61A63004CA510 /* keikai_00021.png in Resources */,
				D177647122E61A6F004CA510 /* koutsu_00043.png in Resources */,
				D177645F22E61A6F004CA510 /* koutsu_00003.png in Resources */,
				D177647522E61A6F004CA510 /* koutsu_00031.png in Resources */,
				D177647222E61A6F004CA510 /* koutsu_00009.png in Resources */,
				D17763FE22E61A63004CA510 /* keikai_00023.png in Resources */,
				D177644D22E61A6F004CA510 /* koutsu_00013.png in Resources */,
				D172722F22C9DC7E0099DC0C /* Main.storyboard in Resources */,
				D172726D22C9DEC00099DC0C /* RoadSign.plist in Resources */,
				D17763FC22E61A63004CA510 /* keikai_00017.png in Resources */,
				D177646622E61A6F004CA510 /* koutsu_00029.png in Resources */,
				D17763FF22E61A63004CA510 /* keikai_00015.png in Resources */,
				D177644522E61A6F004CA510 /* koutsu_00030.png in Resources */,
				D177644E22E61A6F004CA510 /* koutsu_00025.png in Resources */,
				D177645322E61A6F004CA510 /* koutsu_00054.png in Resources */,
				D177646822E61A6F004CA510 /* koutsu_00051.png in Resources */,
				D177640922E61A63004CA510 /* keikai_00011.png in Resources */,
				D177640A22E61A63004CA510 /* keikai_00025.png in Resources */,
				D17763FB22E61A63004CA510 /* keikai_00001.png in Resources */,
				D177645922E61A6F004CA510 /* koutsu_00036.png in Resources */,
				D177640222E61A63004CA510 /* keikai_00007.png in Resources */,
				D177640022E61A63004CA510 /* keikai_00014.png in Resources */,
				D17763F822E61A63004CA510 /* keikai_00012.png in Resources */,
				D177647822E61A6F004CA510 /* koutsu_00041.png in Resources */,
				D17763F722E61A63004CA510 /* keikai_00010.png in Resources */,
				D177646422E61A6F004CA510 /* koutsu_00021.png in Resources */,
				D17272B022CA40130099DC0C /* TrafficSign.plist in Resources */,
				D177640422E61A63004CA510 /* keikai_00005.png in Resources */,
				D177645222E61A6F004CA510 /* koutsu_00010.png in Resources */,
				D177645A22E61A6F004CA510 /* koutsu_00034.png in Resources */,
				D177640522E61A63004CA510 /* keikai_00027.png in Resources */,
				D177640B22E61A63004CA510 /* keikai_00008.png in Resources */,
				D177640E22E61A63004CA510 /* keikai_00019.png in Resources */,
				D177645422E61A6F004CA510 /* koutsu_00039.png in Resources */,
				D17763F922E61A63004CA510 /* keikai_00022.png in Resources */,
				D177644622E61A6F004CA510 /* koutsu_00048.png in Resources */,
				D177645C22E61A6F004CA510 /* koutsu_00045.png in Resources */,
				D177646222E61A6F004CA510 /* koutsu_00006.png in Resources */,
				D177645722E61A6F004CA510 /* koutsu_00004.png in Resources */,
				D17763F522E61A63004CA510 /* keikai_00024.png in Resources */,
				D177640622E61A63004CA510 /* keikai_00006.png in Resources */,
				D177647322E61A6F004CA510 /* koutsu_00005.png in Resources */,
				D177647622E61A6F004CA510 /* koutsu_00020.png in Resources */,
				D177647722E61A6F004CA510 /* koutsu_00014.png in Resources */,
				D177645E22E61A6F004CA510 /* koutsu_00033.png in Resources */,
				D17763F422E61A63004CA510 /* keikai_00002.png in Resources */,
				D177645122E61A6F004CA510 /* koutsu_00002.png in Resources */,
				D177640322E61A63004CA510 /* keikai_00009.png in Resources */,
				D177647A22E61A6F004CA510 /* koutsu_00017.png in Resources */,
				D177640722E61A63004CA510 /* keikai_00016.png in Resources */,
				D177645D22E61A6F004CA510 /* koutsu_00026.png in Resources */,
				D177644B22E61A6F004CA510 /* koutsu_00016.png in Resources */,
				D17763F622E61A63004CA510 /* keikai_00013.png in Resources */,
				D17763FA22E61A63004CA510 /* keikai_00004.png in Resources */,
				D177646022E61A6F004CA510 /* koutsu_00024.png in Resources */,
				D177640822E61A63004CA510 /* keikai_00018.png in Resources */,
				D177645822E61A6F004CA510 /* koutsu_00022.png in Resources */,
				D177647922E61A6F004CA510 /* koutsu_00027.png in Resources */,
				D177645B22E61A6F004CA510 /* koutsu_00037.png in Resources */,
			);
			runOnlyForDeploymentPostprocessing = 0;
		};
		D172723822C9DC7F0099DC0C /* Resources */ = {
			isa = PBXResourcesBuildPhase;
			buildActionMask = 2147483647;
			files = (
			);
			runOnlyForDeploymentPostprocessing = 0;
		};
		D172724322C9DC7F0099DC0C /* Resources */ = {
			isa = PBXResourcesBuildPhase;
			buildActionMask = 2147483647;
			files = (
			);
			runOnlyForDeploymentPostprocessing = 0;
		};
/* End PBXResourcesBuildPhase section */

/* Begin PBXShellScriptBuildPhase section */
		D172728122C9E1620099DC0C /* ShellScript */ = {
			isa = PBXShellScriptBuildPhase;
			buildActionMask = 2147483647;
			files = (
			);
			inputFileListPaths = (
			);
			inputPaths = (
				"$(SRCROOT)/Carthage/Build/iOS/RxCocoa.framework",
				"$(SRCROOT)/Carthage/Build/iOS/RxSwift.framework",
				"$(SRCROOT)/Carthage/Build/iOS/RxDataSources.framework",
				"$(SRCROOT)/Carthage/Build/iOS/Differentiator.framework",
				"$(SRCROOT)/Carthage/Build/iOS/RxRelay.framework",
			);
			outputFileListPaths = (
			);
			outputPaths = (
			);
			runOnlyForDeploymentPostprocessing = 0;
			shellPath = /bin/sh;
			shellScript = "# Type a script or drag a script file from your workspace to insert its path.\n/usr/local/bin/carthage copy-frameworks\n";
		};
/* End PBXShellScriptBuildPhase section */

/* Begin PBXSourcesBuildPhase section */
		D172722222C9DC7E0099DC0C /* Sources */ = {
			isa = PBXSourcesBuildPhase;
			buildActionMask = 2147483647;
			files = (
				D172726A22C9DDE80099DC0C /* PlistManager.swift in Sources */,
				D172729522C9E2330099DC0C /* AlertPLEntity.swift in Sources */,
				D172729722C9E2490099DC0C /* TrafficPLEntity.swift in Sources */,
				D172722A22C9DC7E0099DC0C /* AppDelegate.swift in Sources */,
				D17763C422E613DC004CA510 /* TrafficSignItemViewModel.swift in Sources */,
				D17272A322C9E5320099DC0C /* AlertSignViewController.swift in Sources */,
				D17272B622CA44680099DC0C /* AlertSignModel.swift in Sources */,
				D17272AD22C9EB0D0099DC0C /* AlertSignWireframe.swift in Sources */,
				D17272B422CA44620099DC0C /* TrafficSignModel.swift in Sources */,
				D17272A522C9E53A0099DC0C /* AlertSignPresenter.swift in Sources */,
				D17763C622E613E5004CA510 /* TrafficSignSection.swift in Sources */,
				D172728522C9E1B80099DC0C /* RootPresenter.swift in Sources */,
				D17763C822E613ED004CA510 /* TrafficSignTableViewEdit.swift in Sources */,
				D17763CF22E61544004CA510 /* AlertShowViewController.swift in Sources */,
				D17763C222E613D3004CA510 /* TrafficSignTableViewCell.swift in Sources */,
				D172729B22C9E50B0099DC0C /* TrafficSignViewController.swift in Sources */,
				D17763D522E6155F004CA510 /* AlertShowViewModel.swift in Sources */,
				D17272A122C9E5200099DC0C /* TrafficSignUseCase.swift in Sources */,
				D17763BF22E6126F004CA510 /* AlertShowWireframe.swift in Sources */,
				D172728922C9E1DA0099DC0C /* RoadSignViewController.swift in Sources */,
				D172727522C9DF2F0099DC0C /* RoadSignWireframe.swift in Sources */,
				D172729D22C9E5140099DC0C /* TrafficSignPresenter.swift in Sources */,
				D172729F22C9E51A0099DC0C /* TrafficSignViewModel.swift in Sources */,
				D172728D22C9E2010099DC0C /* RoadSignViewModel.swift in Sources */,
				D172728322C9E1AB0099DC0C /* RootViewController.swift in Sources */,
				D172728B22C9E1FA0099DC0C /* RoadSignPresenter.swift in Sources */,
				D17272A722C9E5400099DC0C /* AlertSignViewModel.swift in Sources */,
				D172729122C9E2130099DC0C /* UIStoryboard+extension.swift in Sources */,
				D17763CA22E61483004CA510 /* AlertSignTableViewCell.swift in Sources */,
				D17272A922C9E5460099DC0C /* AlertSignUseCase.swift in Sources */,
				D172727922C9DF670099DC0C /* ErrorInfoViewModel.swift in Sources */,
				D172727322C9DF250099DC0C /* RootWireframe.swift in Sources */,
				D17763CC22E6149E004CA510 /* UIImageView+Extension.swift in Sources */,
				D172728F22C9E2080099DC0C /* RoadSignUseCase.swift in Sources */,
				D172729322C9E2200099DC0C /* VCIDConstants.swift in Sources */,
				D172727722C9DF4B0099DC0C /* SignRepository.swift in Sources */,
				D172728722C9E1C20099DC0C /* RootUseCase.swift in Sources */,
				D17763D322E61556004CA510 /* AlertShowUseCase.swift in Sources */,
				D17763D122E6154D004CA510 /* AlertShowPresenter.swift in Sources */,
				D17272AB22C9EB010099DC0C /* TrafficSignWireframe.swift in Sources */,
			);
			runOnlyForDeploymentPostprocessing = 0;
		};
		D172723622C9DC7F0099DC0C /* Sources */ = {
			isa = PBXSourcesBuildPhase;
			buildActionMask = 2147483647;
			files = (
				D172723F22C9DC7F0099DC0C /* TableViewEditSampleTests.swift in Sources */,
			);
			runOnlyForDeploymentPostprocessing = 0;
		};
		D172724122C9DC7F0099DC0C /* Sources */ = {
			isa = PBXSourcesBuildPhase;
			buildActionMask = 2147483647;
			files = (
				D172724A22C9DC7F0099DC0C /* TableViewEditSampleUITests.swift in Sources */,
			);
			runOnlyForDeploymentPostprocessing = 0;
		};
/* End PBXSourcesBuildPhase section */

/* Begin PBXTargetDependency section */
		D172723C22C9DC7F0099DC0C /* PBXTargetDependency */ = {
			isa = PBXTargetDependency;
			target = D172722522C9DC7E0099DC0C /* TableViewEditSample */;
			targetProxy = D172723B22C9DC7F0099DC0C /* PBXContainerItemProxy */;
		};
		D172724722C9DC7F0099DC0C /* PBXTargetDependency */ = {
			isa = PBXTargetDependency;
			target = D172722522C9DC7E0099DC0C /* TableViewEditSample */;
			targetProxy = D172724622C9DC7F0099DC0C /* PBXContainerItemProxy */;
		};
/* End PBXTargetDependency section */

/* Begin PBXVariantGroup section */
		D172722D22C9DC7E0099DC0C /* Main.storyboard */ = {
			isa = PBXVariantGroup;
			children = (
				D172722E22C9DC7E0099DC0C /* Base */,
			);
			name = Main.storyboard;
			sourceTree = "<group>";
		};
		D172723222C9DC7F0099DC0C /* LaunchScreen.storyboard */ = {
			isa = PBXVariantGroup;
			children = (
				D172723322C9DC7F0099DC0C /* Base */,
			);
			name = LaunchScreen.storyboard;
			sourceTree = "<group>";
		};
/* End PBXVariantGroup section */

/* Begin XCBuildConfiguration section */
		D172724C22C9DC7F0099DC0C /* Debug */ = {
			isa = XCBuildConfiguration;
			buildSettings = {
				ALWAYS_SEARCH_USER_PATHS = NO;
				CLANG_ANALYZER_NONNULL = YES;
				CLANG_ANALYZER_NUMBER_OBJECT_CONVERSION = YES_AGGRESSIVE;
				CLANG_CXX_LANGUAGE_STANDARD = "gnu++14";
				CLANG_CXX_LIBRARY = "libc++";
				CLANG_ENABLE_MODULES = YES;
				CLANG_ENABLE_OBJC_ARC = YES;
				CLANG_ENABLE_OBJC_WEAK = YES;
				CLANG_WARN_BLOCK_CAPTURE_AUTORELEASING = YES;
				CLANG_WARN_BOOL_CONVERSION = YES;
				CLANG_WARN_COMMA = YES;
				CLANG_WARN_CONSTANT_CONVERSION = YES;
				CLANG_WARN_DEPRECATED_OBJC_IMPLEMENTATIONS = YES;
				CLANG_WARN_DIRECT_OBJC_ISA_USAGE = YES_ERROR;
				CLANG_WARN_DOCUMENTATION_COMMENTS = YES;
				CLANG_WARN_EMPTY_BODY = YES;
				CLANG_WARN_ENUM_CONVERSION = YES;
				CLANG_WARN_INFINITE_RECURSION = YES;
				CLANG_WARN_INT_CONVERSION = YES;
				CLANG_WARN_NON_LITERAL_NULL_CONVERSION = YES;
				CLANG_WARN_OBJC_IMPLICIT_RETAIN_SELF = YES;
				CLANG_WARN_OBJC_LITERAL_CONVERSION = YES;
				CLANG_WARN_OBJC_ROOT_CLASS = YES_ERROR;
				CLANG_WARN_RANGE_LOOP_ANALYSIS = YES;
				CLANG_WARN_STRICT_PROTOTYPES = YES;
				CLANG_WARN_SUSPICIOUS_MOVE = YES;
				CLANG_WARN_UNGUARDED_AVAILABILITY = YES_AGGRESSIVE;
				CLANG_WARN_UNREACHABLE_CODE = YES;
				CLANG_WARN__DUPLICATE_METHOD_MATCH = YES;
				CODE_SIGN_IDENTITY = "iPhone Developer";
				COPY_PHASE_STRIP = NO;
				DEBUG_INFORMATION_FORMAT = dwarf;
				ENABLE_STRICT_OBJC_MSGSEND = YES;
				ENABLE_TESTABILITY = YES;
				GCC_C_LANGUAGE_STANDARD = gnu11;
				GCC_DYNAMIC_NO_PIC = NO;
				GCC_NO_COMMON_BLOCKS = YES;
				GCC_OPTIMIZATION_LEVEL = 0;
				GCC_PREPROCESSOR_DEFINITIONS = (
					"DEBUG=1",
					"$(inherited)",
				);
				GCC_WARN_64_TO_32_BIT_CONVERSION = YES;
				GCC_WARN_ABOUT_RETURN_TYPE = YES_ERROR;
				GCC_WARN_UNDECLARED_SELECTOR = YES;
				GCC_WARN_UNINITIALIZED_AUTOS = YES_AGGRESSIVE;
				GCC_WARN_UNUSED_FUNCTION = YES;
				GCC_WARN_UNUSED_VARIABLE = YES;
				IPHONEOS_DEPLOYMENT_TARGET = 12.2;
				MTL_ENABLE_DEBUG_INFO = INCLUDE_SOURCE;
				MTL_FAST_MATH = YES;
				ONLY_ACTIVE_ARCH = YES;
				SDKROOT = iphoneos;
				SWIFT_ACTIVE_COMPILATION_CONDITIONS = DEBUG;
				SWIFT_OPTIMIZATION_LEVEL = "-Onone";
			};
			name = Debug;
		};
		D172724D22C9DC7F0099DC0C /* Release */ = {
			isa = XCBuildConfiguration;
			buildSettings = {
				ALWAYS_SEARCH_USER_PATHS = NO;
				CLANG_ANALYZER_NONNULL = YES;
				CLANG_ANALYZER_NUMBER_OBJECT_CONVERSION = YES_AGGRESSIVE;
				CLANG_CXX_LANGUAGE_STANDARD = "gnu++14";
				CLANG_CXX_LIBRARY = "libc++";
				CLANG_ENABLE_MODULES = YES;
				CLANG_ENABLE_OBJC_ARC = YES;
				CLANG_ENABLE_OBJC_WEAK = YES;
				CLANG_WARN_BLOCK_CAPTURE_AUTORELEASING = YES;
				CLANG_WARN_BOOL_CONVERSION = YES;
				CLANG_WARN_COMMA = YES;
				CLANG_WARN_CONSTANT_CONVERSION = YES;
				CLANG_WARN_DEPRECATED_OBJC_IMPLEMENTATIONS = YES;
				CLANG_WARN_DIRECT_OBJC_ISA_USAGE = YES_ERROR;
				CLANG_WARN_DOCUMENTATION_COMMENTS = YES;
				CLANG_WARN_EMPTY_BODY = YES;
				CLANG_WARN_ENUM_CONVERSION = YES;
				CLANG_WARN_INFINITE_RECURSION = YES;
				CLANG_WARN_INT_CONVERSION = YES;
				CLANG_WARN_NON_LITERAL_NULL_CONVERSION = YES;
				CLANG_WARN_OBJC_IMPLICIT_RETAIN_SELF = YES;
				CLANG_WARN_OBJC_LITERAL_CONVERSION = YES;
				CLANG_WARN_OBJC_ROOT_CLASS = YES_ERROR;
				CLANG_WARN_RANGE_LOOP_ANALYSIS = YES;
				CLANG_WARN_STRICT_PROTOTYPES = YES;
				CLANG_WARN_SUSPICIOUS_MOVE = YES;
				CLANG_WARN_UNGUARDED_AVAILABILITY = YES_AGGRESSIVE;
				CLANG_WARN_UNREACHABLE_CODE = YES;
				CLANG_WARN__DUPLICATE_METHOD_MATCH = YES;
				CODE_SIGN_IDENTITY = "iPhone Developer";
				COPY_PHASE_STRIP = NO;
				DEBUG_INFORMATION_FORMAT = "dwarf-with-dsym";
				ENABLE_NS_ASSERTIONS = NO;
				ENABLE_STRICT_OBJC_MSGSEND = YES;
				GCC_C_LANGUAGE_STANDARD = gnu11;
				GCC_NO_COMMON_BLOCKS = YES;
				GCC_WARN_64_TO_32_BIT_CONVERSION = YES;
				GCC_WARN_ABOUT_RETURN_TYPE = YES_ERROR;
				GCC_WARN_UNDECLARED_SELECTOR = YES;
				GCC_WARN_UNINITIALIZED_AUTOS = YES_AGGRESSIVE;
				GCC_WARN_UNUSED_FUNCTION = YES;
				GCC_WARN_UNUSED_VARIABLE = YES;
				IPHONEOS_DEPLOYMENT_TARGET = 12.2;
				MTL_ENABLE_DEBUG_INFO = NO;
				MTL_FAST_MATH = YES;
				SDKROOT = iphoneos;
				SWIFT_COMPILATION_MODE = wholemodule;
				SWIFT_OPTIMIZATION_LEVEL = "-O";
				VALIDATE_PRODUCT = YES;
			};
			name = Release;
		};
		D172724F22C9DC7F0099DC0C /* Debug */ = {
			isa = XCBuildConfiguration;
			buildSettings = {
				ASSETCATALOG_COMPILER_APPICON_NAME = AppIcon;
				CODE_SIGN_STYLE = Automatic;
				DEVELOPMENT_TEAM = 92R52EKCWW;
				FRAMEWORK_SEARCH_PATHS = (
					"$(inherited)",
					"$(PROJECT_DIR)/Carthage/Build/iOS",
				);
				INFOPLIST_FILE = TableViewEditSample/Info.plist;
				IPHONEOS_DEPLOYMENT_TARGET = 12.0;
				LD_RUNPATH_SEARCH_PATHS = (
					"$(inherited)",
					"@executable_path/Frameworks",
				);
				PRODUCT_BUNDLE_IDENTIFIER = annie.TableViewEditSample;
				PRODUCT_NAME = "$(TARGET_NAME)";
				SWIFT_VERSION = 5.0;
				TARGETED_DEVICE_FAMILY = "1,2";
			};
			name = Debug;
		};
		D172725022C9DC7F0099DC0C /* Release */ = {
			isa = XCBuildConfiguration;
			buildSettings = {
				ASSETCATALOG_COMPILER_APPICON_NAME = AppIcon;
				CODE_SIGN_STYLE = Automatic;
				DEVELOPMENT_TEAM = 92R52EKCWW;
				FRAMEWORK_SEARCH_PATHS = (
					"$(inherited)",
					"$(PROJECT_DIR)/Carthage/Build/iOS",
				);
				INFOPLIST_FILE = TableViewEditSample/Info.plist;
				IPHONEOS_DEPLOYMENT_TARGET = 12.0;
				LD_RUNPATH_SEARCH_PATHS = (
					"$(inherited)",
					"@executable_path/Frameworks",
				);
				PRODUCT_BUNDLE_IDENTIFIER = annie.TableViewEditSample;
				PRODUCT_NAME = "$(TARGET_NAME)";
				SWIFT_VERSION = 5.0;
				TARGETED_DEVICE_FAMILY = "1,2";
			};
			name = Release;
		};
		D172725222C9DC7F0099DC0C /* Debug */ = {
			isa = XCBuildConfiguration;
			buildSettings = {
				ALWAYS_EMBED_SWIFT_STANDARD_LIBRARIES = YES;
				BUNDLE_LOADER = "$(TEST_HOST)";
				CODE_SIGN_STYLE = Automatic;
				DEVELOPMENT_TEAM = 92R52EKCWW;
				INFOPLIST_FILE = TableViewEditSampleTests/Info.plist;
				LD_RUNPATH_SEARCH_PATHS = (
					"$(inherited)",
					"@executable_path/Frameworks",
					"@loader_path/Frameworks",
				);
				PRODUCT_BUNDLE_IDENTIFIER = annie.TableViewEditSampleTests;
				PRODUCT_NAME = "$(TARGET_NAME)";
				SWIFT_VERSION = 5.0;
				TARGETED_DEVICE_FAMILY = "1,2";
				TEST_HOST = "$(BUILT_PRODUCTS_DIR)/TableViewEditSample.app/TableViewEditSample";
			};
			name = Debug;
		};
		D172725322C9DC7F0099DC0C /* Release */ = {
			isa = XCBuildConfiguration;
			buildSettings = {
				ALWAYS_EMBED_SWIFT_STANDARD_LIBRARIES = YES;
				BUNDLE_LOADER = "$(TEST_HOST)";
				CODE_SIGN_STYLE = Automatic;
				DEVELOPMENT_TEAM = 92R52EKCWW;
				INFOPLIST_FILE = TableViewEditSampleTests/Info.plist;
				LD_RUNPATH_SEARCH_PATHS = (
					"$(inherited)",
					"@executable_path/Frameworks",
					"@loader_path/Frameworks",
				);
				PRODUCT_BUNDLE_IDENTIFIER = annie.TableViewEditSampleTests;
				PRODUCT_NAME = "$(TARGET_NAME)";
				SWIFT_VERSION = 5.0;
				TARGETED_DEVICE_FAMILY = "1,2";
				TEST_HOST = "$(BUILT_PRODUCTS_DIR)/TableViewEditSample.app/TableViewEditSample";
			};
			name = Release;
		};
		D172725522C9DC7F0099DC0C /* Debug */ = {
			isa = XCBuildConfiguration;
			buildSettings = {
				ALWAYS_EMBED_SWIFT_STANDARD_LIBRARIES = YES;
				CODE_SIGN_STYLE = Automatic;
				DEVELOPMENT_TEAM = 92R52EKCWW;
				INFOPLIST_FILE = TableViewEditSampleUITests/Info.plist;
				LD_RUNPATH_SEARCH_PATHS = (
					"$(inherited)",
					"@executable_path/Frameworks",
					"@loader_path/Frameworks",
				);
				PRODUCT_BUNDLE_IDENTIFIER = annie.TableViewEditSampleUITests;
				PRODUCT_NAME = "$(TARGET_NAME)";
				SWIFT_VERSION = 5.0;
				TARGETED_DEVICE_FAMILY = "1,2";
				TEST_TARGET_NAME = TableViewEditSample;
			};
			name = Debug;
		};
		D172725622C9DC7F0099DC0C /* Release */ = {
			isa = XCBuildConfiguration;
			buildSettings = {
				ALWAYS_EMBED_SWIFT_STANDARD_LIBRARIES = YES;
				CODE_SIGN_STYLE = Automatic;
				DEVELOPMENT_TEAM = 92R52EKCWW;
				INFOPLIST_FILE = TableViewEditSampleUITests/Info.plist;
				LD_RUNPATH_SEARCH_PATHS = (
					"$(inherited)",
					"@executable_path/Frameworks",
					"@loader_path/Frameworks",
				);
				PRODUCT_BUNDLE_IDENTIFIER = annie.TableViewEditSampleUITests;
				PRODUCT_NAME = "$(TARGET_NAME)";
				SWIFT_VERSION = 5.0;
				TARGETED_DEVICE_FAMILY = "1,2";
				TEST_TARGET_NAME = TableViewEditSample;
			};
			name = Release;
		};
/* End XCBuildConfiguration section */

/* Begin XCConfigurationList section */
		D172722122C9DC7E0099DC0C /* Build configuration list for PBXProject "TableViewEditSample" */ = {
			isa = XCConfigurationList;
			buildConfigurations = (
				D172724C22C9DC7F0099DC0C /* Debug */,
				D172724D22C9DC7F0099DC0C /* Release */,
			);
			defaultConfigurationIsVisible = 0;
			defaultConfigurationName = Release;
		};
		D172724E22C9DC7F0099DC0C /* Build configuration list for PBXNativeTarget "TableViewEditSample" */ = {
			isa = XCConfigurationList;
			buildConfigurations = (
				D172724F22C9DC7F0099DC0C /* Debug */,
				D172725022C9DC7F0099DC0C /* Release */,
			);
			defaultConfigurationIsVisible = 0;
			defaultConfigurationName = Release;
		};
		D172725122C9DC7F0099DC0C /* Build configuration list for PBXNativeTarget "TableViewEditSampleTests" */ = {
			isa = XCConfigurationList;
			buildConfigurations = (
				D172725222C9DC7F0099DC0C /* Debug */,
				D172725322C9DC7F0099DC0C /* Release */,
			);
			defaultConfigurationIsVisible = 0;
			defaultConfigurationName = Release;
		};
		D172725422C9DC7F0099DC0C /* Build configuration list for PBXNativeTarget "TableViewEditSampleUITests" */ = {
			isa = XCConfigurationList;
			buildConfigurations = (
				D172725522C9DC7F0099DC0C /* Debug */,
				D172725622C9DC7F0099DC0C /* Release */,
			);
			defaultConfigurationIsVisible = 0;
			defaultConfigurationName = Release;
		};
/* End XCConfigurationList section */
	};
	rootObject = D172721E22C9DC7E0099DC0C /* Project object */;
}
